// !$*UTF8*$!
{
	archiveVersion = 1;
	classes = {
	};
	objectVersion = 46;
	objects = {

/* Begin PBXBuildFile section */
		1AC6FB21180E996B004C840B /* libcocos2d Mac.a in Frameworks */ = {isa = PBXBuildFile; fileRef = 1AC6FAF9180E9839004C840B /* libcocos2d Mac.a */; };
		1AC6FB30180E99EB004C840B /* libcocos2d iOS.a in Frameworks */ = {isa = PBXBuildFile; fileRef = 1AC6FB07180E9839004C840B /* libcocos2d iOS.a */; };
		1D60589F0D05DD5A006BFB54 /* Foundation.framework in Frameworks */ = {isa = PBXBuildFile; fileRef = 1D30AB110D05D00D00671497 /* Foundation.framework */; };
		1DF5F4E00D08C38300B7A737 /* UIKit.framework in Frameworks */ = {isa = PBXBuildFile; fileRef = 1DF5F4DF0D08C38300B7A737 /* UIKit.framework */; };
		288765A50DF7441C002DB57D /* CoreGraphics.framework in Frameworks */ = {isa = PBXBuildFile; fileRef = 288765A40DF7441C002DB57D /* CoreGraphics.framework */; };
		46880B7B19C43A67006E1F66 /* CloseNormal.png in Resources */ = {isa = PBXBuildFile; fileRef = 46880B7619C43A67006E1F66 /* CloseNormal.png */; };
		46880B7C19C43A67006E1F66 /* CloseNormal.png in Resources */ = {isa = PBXBuildFile; fileRef = 46880B7619C43A67006E1F66 /* CloseNormal.png */; };
		46880B7D19C43A67006E1F66 /* CloseSelected.png in Resources */ = {isa = PBXBuildFile; fileRef = 46880B7719C43A67006E1F66 /* CloseSelected.png */; };
		46880B7E19C43A67006E1F66 /* CloseSelected.png in Resources */ = {isa = PBXBuildFile; fileRef = 46880B7719C43A67006E1F66 /* CloseSelected.png */; };
		46880B8119C43A67006E1F66 /* HelloWorld.png in Resources */ = {isa = PBXBuildFile; fileRef = 46880B7A19C43A67006E1F66 /* HelloWorld.png */; };
		46880B8219C43A67006E1F66 /* HelloWorld.png in Resources */ = {isa = PBXBuildFile; fileRef = 46880B7A19C43A67006E1F66 /* HelloWorld.png */; };
		46880B8819C43A87006E1F66 /* AppDelegate.cpp in Sources */ = {isa = PBXBuildFile; fileRef = 46880B8419C43A87006E1F66 /* AppDelegate.cpp */; };
		46880B8919C43A87006E1F66 /* AppDelegate.cpp in Sources */ = {isa = PBXBuildFile; fileRef = 46880B8419C43A87006E1F66 /* AppDelegate.cpp */; };
		48555D601A92DE09007E5E98 /* Jsonxx.cpp in Sources */ = {isa = PBXBuildFile; fileRef = 48555D591A92DE09007E5E98 /* Jsonxx.cpp */; };
		48555D611A92DE09007E5E98 /* Jsonxx.cpp in Sources */ = {isa = PBXBuildFile; fileRef = 48555D591A92DE09007E5E98 /* Jsonxx.cpp */; };
		48555D621A92DE09007E5E98 /* ScreenLog.cpp in Sources */ = {isa = PBXBuildFile; fileRef = 48555D5B1A92DE09007E5E98 /* ScreenLog.cpp */; };
		48555D631A92DE09007E5E98 /* ScreenLog.cpp in Sources */ = {isa = PBXBuildFile; fileRef = 48555D5B1A92DE09007E5E98 /* ScreenLog.cpp */; };
		48555D831A92EB79007E5E98 /* GameCtrl.cpp in Sources */ = {isa = PBXBuildFile; fileRef = 48555D791A92EB79007E5E98 /* GameCtrl.cpp */; };
		48555D841A92EB79007E5E98 /* GameCtrl.cpp in Sources */ = {isa = PBXBuildFile; fileRef = 48555D791A92EB79007E5E98 /* GameCtrl.cpp */; };
		48555D851A92EB79007E5E98 /* GameMediator.cpp in Sources */ = {isa = PBXBuildFile; fileRef = 48555D7B1A92EB79007E5E98 /* GameMediator.cpp */; };
		48555D861A92EB79007E5E98 /* GameMediator.cpp in Sources */ = {isa = PBXBuildFile; fileRef = 48555D7B1A92EB79007E5E98 /* GameMediator.cpp */; };
		48555D871A92EB79007E5E98 /* MainMenuMediator.cpp in Sources */ = {isa = PBXBuildFile; fileRef = 48555D7D1A92EB79007E5E98 /* MainMenuMediator.cpp */; };
		48555D881A92EB79007E5E98 /* MainMenuMediator.cpp in Sources */ = {isa = PBXBuildFile; fileRef = 48555D7D1A92EB79007E5E98 /* MainMenuMediator.cpp */; };
		48555D891A92EB79007E5E98 /* SceneManager.cpp in Sources */ = {isa = PBXBuildFile; fileRef = 48555D7F1A92EB79007E5E98 /* SceneManager.cpp */; };
		48555D8A1A92EB79007E5E98 /* SceneManager.cpp in Sources */ = {isa = PBXBuildFile; fileRef = 48555D7F1A92EB79007E5E98 /* SceneManager.cpp */; };
		48555D8B1A92EB79007E5E98 /* TickCtrl.cpp in Sources */ = {isa = PBXBuildFile; fileRef = 48555D811A92EB79007E5E98 /* TickCtrl.cpp */; };
		48555D8C1A92EB79007E5E98 /* TickCtrl.cpp in Sources */ = {isa = PBXBuildFile; fileRef = 48555D811A92EB79007E5E98 /* TickCtrl.cpp */; };
		48555D961A92EB9D007E5E98 /* GameScene.cpp in Sources */ = {isa = PBXBuildFile; fileRef = 48555D901A92EB9D007E5E98 /* GameScene.cpp */; };
		48555D971A92EB9D007E5E98 /* GameScene.cpp in Sources */ = {isa = PBXBuildFile; fileRef = 48555D901A92EB9D007E5E98 /* GameScene.cpp */; };
		48555D981A92EB9D007E5E98 /* MainMenuScene.cpp in Sources */ = {isa = PBXBuildFile; fileRef = 48555D921A92EB9D007E5E98 /* MainMenuScene.cpp */; };
		48555D991A92EB9D007E5E98 /* MainMenuScene.cpp in Sources */ = {isa = PBXBuildFile; fileRef = 48555D921A92EB9D007E5E98 /* MainMenuScene.cpp */; };
		48555D9A1A92EB9D007E5E98 /* TickScheduler.cpp in Sources */ = {isa = PBXBuildFile; fileRef = 48555D941A92EB9D007E5E98 /* TickScheduler.cpp */; };
		48555D9B1A92EB9D007E5E98 /* TickScheduler.cpp in Sources */ = {isa = PBXBuildFile; fileRef = 48555D941A92EB9D007E5E98 /* TickScheduler.cpp */; };
		48555D9D1A92EF1A007E5E98 /* libcurl.dylib in Frameworks */ = {isa = PBXBuildFile; fileRef = 503AE11117EB99EE00D1A890 /* libcurl.dylib */; };
		48555D9E1A92EF3B007E5E98 /* libz.dylib in Frameworks */ = {isa = PBXBuildFile; fileRef = BF170DB412928DE900B8313A /* libz.dylib */; };
		48555DA81A93544A007E5E98 /* RenderSystem.cpp in Sources */ = {isa = PBXBuildFile; fileRef = 48555DA61A93544A007E5E98 /* RenderSystem.cpp */; };
		48555DA91A93544A007E5E98 /* RenderSystem.cpp in Sources */ = {isa = PBXBuildFile; fileRef = 48555DA61A93544A007E5E98 /* RenderSystem.cpp */; };
		48555DAC1A935A34007E5E98 /* InputSystem.cpp in Sources */ = {isa = PBXBuildFile; fileRef = 48555DAA1A935A34007E5E98 /* InputSystem.cpp */; };
		48555DAD1A935A34007E5E98 /* InputSystem.cpp in Sources */ = {isa = PBXBuildFile; fileRef = 48555DAA1A935A34007E5E98 /* InputSystem.cpp */; };
		48555DB11A93A7E2007E5E98 /* MoveSystem.cpp in Sources */ = {isa = PBXBuildFile; fileRef = 48555DAF1A93A7E2007E5E98 /* MoveSystem.cpp */; };
		48555DB21A93A7E2007E5E98 /* MoveSystem.cpp in Sources */ = {isa = PBXBuildFile; fileRef = 48555DAF1A93A7E2007E5E98 /* MoveSystem.cpp */; };
		48565E6D1A9B70FE00ECA779 /* CollisionSystem.cpp in Sources */ = {isa = PBXBuildFile; fileRef = 48565E6C1A9B70FE00ECA779 /* CollisionSystem.cpp */; };
		48565E6E1A9B710500ECA779 /* CollisionSystem.cpp in Sources */ = {isa = PBXBuildFile; fileRef = 48565E6C1A9B70FE00ECA779 /* CollisionSystem.cpp */; };
		48565E701A9BCF7900ECA779 /* CollisionComponent.cpp in Sources */ = {isa = PBXBuildFile; fileRef = 48565E6F1A9BCF7900ECA779 /* CollisionComponent.cpp */; };
		48565E711A9BCF7900ECA779 /* CollisionComponent.cpp in Sources */ = {isa = PBXBuildFile; fileRef = 48565E6F1A9BCF7900ECA779 /* CollisionComponent.cpp */; };
		48565E771A9CF10600ECA779 /* SweptAABB.cpp in Sources */ = {isa = PBXBuildFile; fileRef = 48565E761A9CF10600ECA779 /* SweptAABB.cpp */; };
		48565E781A9CF10600ECA779 /* SweptAABB.cpp in Sources */ = {isa = PBXBuildFile; fileRef = 48565E761A9CF10600ECA779 /* SweptAABB.cpp */; };
		48565E911A9F7B0900ECA779 /* CsActionInterval.cpp in Sources */ = {isa = PBXBuildFile; fileRef = 48565E8F1A9F7B0900ECA779 /* CsActionInterval.cpp */; };
		48565E921A9F7B0900ECA779 /* CsActionInterval.cpp in Sources */ = {isa = PBXBuildFile; fileRef = 48565E8F1A9F7B0900ECA779 /* CsActionInterval.cpp */; };
		48565E971A9FFE1300ECA779 /* RoomModel.cpp in Sources */ = {isa = PBXBuildFile; fileRef = 48565E961A9FFE1300ECA779 /* RoomModel.cpp */; };
		48565E981A9FFE1300ECA779 /* RoomModel.cpp in Sources */ = {isa = PBXBuildFile; fileRef = 48565E961A9FFE1300ECA779 /* RoomModel.cpp */; };
		485861B41AA14C0C00F282EC /* MapData.cpp in Sources */ = {isa = PBXBuildFile; fileRef = 485861B31AA14C0C00F282EC /* MapData.cpp */; };
		485861B51AA14C0C00F282EC /* MapData.cpp in Sources */ = {isa = PBXBuildFile; fileRef = 485861B31AA14C0C00F282EC /* MapData.cpp */; };
		485E68FC1A917698007B74AD /* profiles in Resources */ = {isa = PBXBuildFile; fileRef = 485E68FB1A917698007B74AD /* profiles */; };
		485E68FD1A917698007B74AD /* profiles in Resources */ = {isa = PBXBuildFile; fileRef = 485E68FB1A917698007B74AD /* profiles */; };
		488AE6B11AA893B1004007DB /* GateSystem.cpp in Sources */ = {isa = PBXBuildFile; fileRef = 488AE6AF1AA893B1004007DB /* GateSystem.cpp */; };
		488AE6B21AA893B1004007DB /* GateSystem.cpp in Sources */ = {isa = PBXBuildFile; fileRef = 488AE6AF1AA893B1004007DB /* GateSystem.cpp */; };
		488AE6B51AA9BA32004007DB /* RoomSystemCtrl.cpp in Sources */ = {isa = PBXBuildFile; fileRef = 488AE6B31AA9BA32004007DB /* RoomSystemCtrl.cpp */; };
		488AE6B61AA9BA32004007DB /* RoomSystemCtrl.cpp in Sources */ = {isa = PBXBuildFile; fileRef = 488AE6B31AA9BA32004007DB /* RoomSystemCtrl.cpp */; };
		48BA016D1A8CBCE300321E43 /* hd in Resources */ = {isa = PBXBuildFile; fileRef = 48BA016B1A8CBCE300321E43 /* hd */; };
		48BA016E1A8CBCE300321E43 /* hd in Resources */ = {isa = PBXBuildFile; fileRef = 48BA016B1A8CBCE300321E43 /* hd */; };
		48BA016F1A8CBCE300321E43 /* sd in Resources */ = {isa = PBXBuildFile; fileRef = 48BA016C1A8CBCE300321E43 /* sd */; };
		48BA01701A8CBCE300321E43 /* sd in Resources */ = {isa = PBXBuildFile; fileRef = 48BA016C1A8CBCE300321E43 /* sd */; };
		48BA017F1A8CD71400321E43 /* maps in Resources */ = {isa = PBXBuildFile; fileRef = 48BA017E1A8CD71400321E43 /* maps */; };
		48BA01801A8CD71400321E43 /* maps in Resources */ = {isa = PBXBuildFile; fileRef = 48BA017E1A8CD71400321E43 /* maps */; };
		48EC12D31A953B8200579FA2 /* ProfileModel.cpp in Sources */ = {isa = PBXBuildFile; fileRef = 48EC12D11A953B8200579FA2 /* ProfileModel.cpp */; };
		48EC12D41A953B8200579FA2 /* ProfileModel.cpp in Sources */ = {isa = PBXBuildFile; fileRef = 48EC12D11A953B8200579FA2 /* ProfileModel.cpp */; };
		48EC12D81A9553EE00579FA2 /* ProfileData.cpp in Sources */ = {isa = PBXBuildFile; fileRef = 48EC12D61A9553EE00579FA2 /* ProfileData.cpp */; };
		48EC12D91A9553EE00579FA2 /* ProfileData.cpp in Sources */ = {isa = PBXBuildFile; fileRef = 48EC12D61A9553EE00579FA2 /* ProfileData.cpp */; };
		48EC12DD1A96116300579FA2 /* Misc.cpp in Sources */ = {isa = PBXBuildFile; fileRef = 48EC12DC1A96116300579FA2 /* Misc.cpp */; };
		48EC12DE1A96116300579FA2 /* Misc.cpp in Sources */ = {isa = PBXBuildFile; fileRef = 48EC12DC1A96116300579FA2 /* Misc.cpp */; };
		48EC12E01A96556800579FA2 /* RenderComponent.cpp in Sources */ = {isa = PBXBuildFile; fileRef = 48EC12DF1A96556800579FA2 /* RenderComponent.cpp */; };
		48EC12E11A96556800579FA2 /* RenderComponent.cpp in Sources */ = {isa = PBXBuildFile; fileRef = 48EC12DF1A96556800579FA2 /* RenderComponent.cpp */; };
		503AE0F817EB97AB00D1A890 /* Icon.icns in Resources */ = {isa = PBXBuildFile; fileRef = 503AE0F617EB97AB00D1A890 /* Icon.icns */; };
		503AE10017EB989F00D1A890 /* AppController.mm in Sources */ = {isa = PBXBuildFile; fileRef = 503AE0FB17EB989F00D1A890 /* AppController.mm */; };
		503AE10117EB989F00D1A890 /* main.m in Sources */ = {isa = PBXBuildFile; fileRef = 503AE0FC17EB989F00D1A890 /* main.m */; };
		503AE10217EB989F00D1A890 /* RootViewController.mm in Sources */ = {isa = PBXBuildFile; fileRef = 503AE0FF17EB989F00D1A890 /* RootViewController.mm */; };
		503AE10517EB98FF00D1A890 /* main.cpp in Sources */ = {isa = PBXBuildFile; fileRef = 503AE10317EB98FF00D1A890 /* main.cpp */; };
		503AE11B17EB9C5A00D1A890 /* IOKit.framework in Frameworks */ = {isa = PBXBuildFile; fileRef = 503AE11A17EB9C5A00D1A890 /* IOKit.framework */; };
		5087E76317EB910900C73F5D /* Foundation.framework in Frameworks */ = {isa = PBXBuildFile; fileRef = 1D30AB110D05D00D00671497 /* Foundation.framework */; };
		5087E76817EB910900C73F5D /* QuartzCore.framework in Frameworks */ = {isa = PBXBuildFile; fileRef = BF1C47EA1293683800B63C5D /* QuartzCore.framework */; };
		5087E76917EB910900C73F5D /* OpenAL.framework in Frameworks */ = {isa = PBXBuildFile; fileRef = D44C620B132DFF330009C878 /* OpenAL.framework */; };
		5087E76A17EB910900C73F5D /* AVFoundation.framework in Frameworks */ = {isa = PBXBuildFile; fileRef = D44C620D132DFF430009C878 /* AVFoundation.framework */; };
		5087E76B17EB910900C73F5D /* AudioToolbox.framework in Frameworks */ = {isa = PBXBuildFile; fileRef = D44C620F132DFF4E0009C878 /* AudioToolbox.framework */; };
		5087E77D17EB970100C73F5D /* Default-568h@2x.png in Resources */ = {isa = PBXBuildFile; fileRef = 5087E77217EB970100C73F5D /* Default-568h@2x.png */; };
		5087E77E17EB970100C73F5D /* Default.png in Resources */ = {isa = PBXBuildFile; fileRef = 5087E77317EB970100C73F5D /* Default.png */; };
		5087E77F17EB970100C73F5D /* Default@2x.png in Resources */ = {isa = PBXBuildFile; fileRef = 5087E77417EB970100C73F5D /* Default@2x.png */; };
		5087E78017EB970100C73F5D /* Icon-114.png in Resources */ = {isa = PBXBuildFile; fileRef = 5087E77517EB970100C73F5D /* Icon-114.png */; };
		5087E78117EB970100C73F5D /* Icon-120.png in Resources */ = {isa = PBXBuildFile; fileRef = 5087E77617EB970100C73F5D /* Icon-120.png */; };
		5087E78217EB970100C73F5D /* Icon-144.png in Resources */ = {isa = PBXBuildFile; fileRef = 5087E77717EB970100C73F5D /* Icon-144.png */; };
		5087E78317EB970100C73F5D /* Icon-152.png in Resources */ = {isa = PBXBuildFile; fileRef = 5087E77817EB970100C73F5D /* Icon-152.png */; };
		5087E78417EB970100C73F5D /* Icon-57.png in Resources */ = {isa = PBXBuildFile; fileRef = 5087E77917EB970100C73F5D /* Icon-57.png */; };
		5087E78517EB970100C73F5D /* Icon-72.png in Resources */ = {isa = PBXBuildFile; fileRef = 5087E77A17EB970100C73F5D /* Icon-72.png */; };
		5087E78617EB970100C73F5D /* Icon-76.png in Resources */ = {isa = PBXBuildFile; fileRef = 5087E77B17EB970100C73F5D /* Icon-76.png */; };
		5087E78917EB974C00C73F5D /* AppKit.framework in Frameworks */ = {isa = PBXBuildFile; fileRef = 5087E78817EB974C00C73F5D /* AppKit.framework */; };
		5087E78B17EB975400C73F5D /* OpenGL.framework in Frameworks */ = {isa = PBXBuildFile; fileRef = 5087E78A17EB975400C73F5D /* OpenGL.framework */; };
		50EF629617ECD46A001EB2F8 /* Icon-40.png in Resources */ = {isa = PBXBuildFile; fileRef = 50EF629217ECD46A001EB2F8 /* Icon-40.png */; };
		50EF629717ECD46A001EB2F8 /* Icon-58.png in Resources */ = {isa = PBXBuildFile; fileRef = 50EF629317ECD46A001EB2F8 /* Icon-58.png */; };
		50EF629817ECD46A001EB2F8 /* Icon-80.png in Resources */ = {isa = PBXBuildFile; fileRef = 50EF629417ECD46A001EB2F8 /* Icon-80.png */; };
		50EF629917ECD46A001EB2F8 /* Icon-100.png in Resources */ = {isa = PBXBuildFile; fileRef = 50EF629517ECD46A001EB2F8 /* Icon-100.png */; };
		50EF62A217ECD613001EB2F8 /* Icon-29.png in Resources */ = {isa = PBXBuildFile; fileRef = 50EF62A017ECD613001EB2F8 /* Icon-29.png */; };
		50EF62A317ECD613001EB2F8 /* Icon-50.png in Resources */ = {isa = PBXBuildFile; fileRef = 50EF62A117ECD613001EB2F8 /* Icon-50.png */; };
		521A8E6419F0C34300D177D7 /* Default-667h@2x.png in Resources */ = {isa = PBXBuildFile; fileRef = 521A8E6219F0C34300D177D7 /* Default-667h@2x.png */; };
		521A8E6519F0C34300D177D7 /* Default-736h@3x.png in Resources */ = {isa = PBXBuildFile; fileRef = 521A8E6319F0C34300D177D7 /* Default-736h@3x.png */; };
		521A8EA919F11F5000D177D7 /* fonts in Resources */ = {isa = PBXBuildFile; fileRef = 521A8EA819F11F5000D177D7 /* fonts */; };
		521A8EAA19F11F5000D177D7 /* fonts in Resources */ = {isa = PBXBuildFile; fileRef = 521A8EA819F11F5000D177D7 /* fonts */; };
		52B47A471A53D09C004E4C60 /* Security.framework in Frameworks */ = {isa = PBXBuildFile; fileRef = 52B47A461A53D09B004E4C60 /* Security.framework */; };
		BF171245129291EC00B8313A /* OpenGLES.framework in Frameworks */ = {isa = PBXBuildFile; fileRef = BF170DB012928DE900B8313A /* OpenGLES.framework */; };
		BF1712471292920000B8313A /* libz.dylib in Frameworks */ = {isa = PBXBuildFile; fileRef = BF170DB412928DE900B8313A /* libz.dylib */; };
		BF1C47F01293687400B63C5D /* QuartzCore.framework in Frameworks */ = {isa = PBXBuildFile; fileRef = BF1C47EA1293683800B63C5D /* QuartzCore.framework */; };
		D44C620C132DFF330009C878 /* OpenAL.framework in Frameworks */ = {isa = PBXBuildFile; fileRef = D44C620B132DFF330009C878 /* OpenAL.framework */; };
		D44C620E132DFF430009C878 /* AVFoundation.framework in Frameworks */ = {isa = PBXBuildFile; fileRef = D44C620D132DFF430009C878 /* AVFoundation.framework */; };
		D44C6210132DFF4E0009C878 /* AudioToolbox.framework in Frameworks */ = {isa = PBXBuildFile; fileRef = D44C620F132DFF4E0009C878 /* AudioToolbox.framework */; };
		D6B0611B1803AB670077942B /* CoreMotion.framework in Frameworks */ = {isa = PBXBuildFile; fileRef = D6B0611A1803AB670077942B /* CoreMotion.framework */; };
/* End PBXBuildFile section */

/* Begin PBXContainerItemProxy section */
		1AC6FAF8180E9839004C840B /* PBXContainerItemProxy */ = {
			isa = PBXContainerItemProxy;
			containerPortal = 1AC6FAE5180E9839004C840B /* cocos2d_libs.xcodeproj */;
			proxyType = 2;
			remoteGlobalIDString = 1551A33F158F2AB200E66CFE;
			remoteInfo = "cocos2dx Mac";
		};
		1AC6FB06180E9839004C840B /* PBXContainerItemProxy */ = {
			isa = PBXContainerItemProxy;
			containerPortal = 1AC6FAE5180E9839004C840B /* cocos2d_libs.xcodeproj */;
			proxyType = 2;
			remoteGlobalIDString = A07A4D641783777C0073F6A7;
			remoteInfo = "cocos2dx iOS";
		};
		1AC6FB15180E9959004C840B /* PBXContainerItemProxy */ = {
			isa = PBXContainerItemProxy;
			containerPortal = 1AC6FAE5180E9839004C840B /* cocos2d_libs.xcodeproj */;
			proxyType = 1;
			remoteGlobalIDString = 1551A33E158F2AB200E66CFE;
			remoteInfo = "cocos2dx Mac";
		};
		1AC6FB24180E99E1004C840B /* PBXContainerItemProxy */ = {
			isa = PBXContainerItemProxy;
			containerPortal = 1AC6FAE5180E9839004C840B /* cocos2d_libs.xcodeproj */;
			proxyType = 1;
			remoteGlobalIDString = A07A4C241783777C0073F6A7;
			remoteInfo = "cocos2dx iOS";
		};
		485E69061A91ED57007B74AD /* PBXContainerItemProxy */ = {
			isa = PBXContainerItemProxy;
			containerPortal = 29B97313FDCFA39411CA2CEA /* Project object */;
			proxyType = 1;
			remoteGlobalIDString = 485E69021A91ECB5007B74AD;
			remoteInfo = TexturePacker;
		};
		485E69081A91ED6D007B74AD /* PBXContainerItemProxy */ = {
			isa = PBXContainerItemProxy;
			containerPortal = 29B97313FDCFA39411CA2CEA /* Project object */;
			proxyType = 1;
			remoteGlobalIDString = 485E69021A91ECB5007B74AD;
			remoteInfo = TexturePacker;
		};
/* End PBXContainerItemProxy section */

/* Begin PBXFileReference section */
		1AC6FAE5180E9839004C840B /* cocos2d_libs.xcodeproj */ = {isa = PBXFileReference; lastKnownFileType = "wrapper.pb-project"; name = cocos2d_libs.xcodeproj; path = ../cocos2d/build/cocos2d_libs.xcodeproj; sourceTree = "<group>"; };
		1ACB3243164770DE00914215 /* libcurl.a */ = {isa = PBXFileReference; lastKnownFileType = archive.ar; name = libcurl.a; path = ../../cocos2dx/platform/third_party/ios/libraries/libcurl.a; sourceTree = "<group>"; };
		1D30AB110D05D00D00671497 /* Foundation.framework */ = {isa = PBXFileReference; lastKnownFileType = wrapper.framework; name = Foundation.framework; path = System/Library/Frameworks/Foundation.framework; sourceTree = SDKROOT; };
		1D6058910D05DD3D006BFB54 /* ajras iOS.app */ = {isa = PBXFileReference; explicitFileType = wrapper.application; includeInIndex = 0; path = "ajras iOS.app"; sourceTree = BUILT_PRODUCTS_DIR; };
		1DF5F4DF0D08C38300B7A737 /* UIKit.framework */ = {isa = PBXFileReference; lastKnownFileType = wrapper.framework; name = UIKit.framework; path = System/Library/Frameworks/UIKit.framework; sourceTree = SDKROOT; };
		288765A40DF7441C002DB57D /* CoreGraphics.framework */ = {isa = PBXFileReference; lastKnownFileType = wrapper.framework; name = CoreGraphics.framework; path = System/Library/Frameworks/CoreGraphics.framework; sourceTree = SDKROOT; };
		46880B7619C43A67006E1F66 /* CloseNormal.png */ = {isa = PBXFileReference; lastKnownFileType = image.png; path = CloseNormal.png; sourceTree = "<group>"; };
		46880B7719C43A67006E1F66 /* CloseSelected.png */ = {isa = PBXFileReference; lastKnownFileType = image.png; path = CloseSelected.png; sourceTree = "<group>"; };
		46880B7A19C43A67006E1F66 /* HelloWorld.png */ = {isa = PBXFileReference; lastKnownFileType = image.png; path = HelloWorld.png; sourceTree = "<group>"; };
		46880B8419C43A87006E1F66 /* AppDelegate.cpp */ = {isa = PBXFileReference; fileEncoding = 4; lastKnownFileType = sourcecode.cpp.cpp; path = AppDelegate.cpp; sourceTree = "<group>"; };
		46880B8519C43A87006E1F66 /* AppDelegate.h */ = {isa = PBXFileReference; fileEncoding = 4; lastKnownFileType = sourcecode.c.h; path = AppDelegate.h; sourceTree = "<group>"; };
		4854723F1A92D768000CA4DC /* Headers.h */ = {isa = PBXFileReference; fileEncoding = 4; lastKnownFileType = sourcecode.c.h; path = Headers.h; sourceTree = "<group>"; };
		48555D551A92DE09007E5E98 /* Any.h */ = {isa = PBXFileReference; fileEncoding = 4; lastKnownFileType = sourcecode.c.h; path = Any.h; sourceTree = "<group>"; };
		48555D561A92DE09007E5E98 /* Callback.h */ = {isa = PBXFileReference; fileEncoding = 4; lastKnownFileType = sourcecode.c.h; path = Callback.h; sourceTree = "<group>"; };
		48555D571A92DE09007E5E98 /* ECS.h */ = {isa = PBXFileReference; fileEncoding = 4; lastKnownFileType = sourcecode.c.h; path = ECS.h; sourceTree = "<group>"; };
		48555D581A92DE09007E5E98 /* Event.h */ = {isa = PBXFileReference; fileEncoding = 4; lastKnownFileType = sourcecode.c.h; path = Event.h; sourceTree = "<group>"; };
		48555D591A92DE09007E5E98 /* Jsonxx.cpp */ = {isa = PBXFileReference; fileEncoding = 4; lastKnownFileType = sourcecode.cpp.cpp; path = Jsonxx.cpp; sourceTree = "<group>"; };
		48555D5A1A92DE09007E5E98 /* Jsonxx.h */ = {isa = PBXFileReference; fileEncoding = 4; lastKnownFileType = sourcecode.c.h; path = Jsonxx.h; sourceTree = "<group>"; };
		48555D5B1A92DE09007E5E98 /* ScreenLog.cpp */ = {isa = PBXFileReference; fileEncoding = 4; lastKnownFileType = sourcecode.cpp.cpp; path = ScreenLog.cpp; sourceTree = "<group>"; };
		48555D5C1A92DE09007E5E98 /* ScreenLog.h */ = {isa = PBXFileReference; fileEncoding = 4; lastKnownFileType = sourcecode.c.h; path = ScreenLog.h; sourceTree = "<group>"; };
		48555D5D1A92DE09007E5E98 /* Singleton.h */ = {isa = PBXFileReference; fileEncoding = 4; lastKnownFileType = sourcecode.c.h; path = Singleton.h; sourceTree = "<group>"; };
		48555D5F1A92DE09007E5E98 /* V2.h */ = {isa = PBXFileReference; fileEncoding = 4; lastKnownFileType = sourcecode.c.h; path = V2.h; sourceTree = "<group>"; };
		48555D641A92DF38007E5E98 /* Misc.h */ = {isa = PBXFileReference; lastKnownFileType = sourcecode.c.h; path = Misc.h; sourceTree = "<group>"; };
		48555D671A92DFE1007E5E98 /* BlockInfo.h */ = {isa = PBXFileReference; fileEncoding = 4; lastKnownFileType = sourcecode.c.h; path = BlockInfo.h; sourceTree = "<group>"; };
		48555D691A92DFE1007E5E98 /* RoomData.h */ = {isa = PBXFileReference; fileEncoding = 4; lastKnownFileType = sourcecode.c.h; path = RoomData.h; sourceTree = "<group>"; };
		48555D731A92E5E0007E5E98 /* RoomModel.h */ = {isa = PBXFileReference; fileEncoding = 4; lastKnownFileType = sourcecode.c.h; path = RoomModel.h; sourceTree = "<group>"; };
		48555D771A92EB79007E5E98 /* BaseMediator.h */ = {isa = PBXFileReference; fileEncoding = 4; lastKnownFileType = sourcecode.c.h; path = BaseMediator.h; sourceTree = "<group>"; };
		48555D781A92EB79007E5E98 /* BaseSceneMediator.h */ = {isa = PBXFileReference; fileEncoding = 4; lastKnownFileType = sourcecode.c.h; path = BaseSceneMediator.h; sourceTree = "<group>"; };
		48555D791A92EB79007E5E98 /* GameCtrl.cpp */ = {isa = PBXFileReference; fileEncoding = 4; lastKnownFileType = sourcecode.cpp.cpp; path = GameCtrl.cpp; sourceTree = "<group>"; };
		48555D7A1A92EB79007E5E98 /* GameCtrl.h */ = {isa = PBXFileReference; fileEncoding = 4; lastKnownFileType = sourcecode.c.h; path = GameCtrl.h; sourceTree = "<group>"; };
		48555D7B1A92EB79007E5E98 /* GameMediator.cpp */ = {isa = PBXFileReference; fileEncoding = 4; lastKnownFileType = sourcecode.cpp.cpp; path = GameMediator.cpp; sourceTree = "<group>"; };
		48555D7C1A92EB79007E5E98 /* GameMediator.h */ = {isa = PBXFileReference; fileEncoding = 4; lastKnownFileType = sourcecode.c.h; path = GameMediator.h; sourceTree = "<group>"; };
		48555D7D1A92EB79007E5E98 /* MainMenuMediator.cpp */ = {isa = PBXFileReference; fileEncoding = 4; lastKnownFileType = sourcecode.cpp.cpp; path = MainMenuMediator.cpp; sourceTree = "<group>"; };
		48555D7E1A92EB79007E5E98 /* MainMenuMediator.h */ = {isa = PBXFileReference; fileEncoding = 4; lastKnownFileType = sourcecode.c.h; path = MainMenuMediator.h; sourceTree = "<group>"; };
		48555D7F1A92EB79007E5E98 /* SceneManager.cpp */ = {isa = PBXFileReference; fileEncoding = 4; lastKnownFileType = sourcecode.cpp.cpp; path = SceneManager.cpp; sourceTree = "<group>"; };
		48555D801A92EB79007E5E98 /* SceneManager.h */ = {isa = PBXFileReference; fileEncoding = 4; lastKnownFileType = sourcecode.c.h; path = SceneManager.h; sourceTree = "<group>"; };
		48555D811A92EB79007E5E98 /* TickCtrl.cpp */ = {isa = PBXFileReference; fileEncoding = 4; lastKnownFileType = sourcecode.cpp.cpp; path = TickCtrl.cpp; sourceTree = "<group>"; };
		48555D821A92EB79007E5E98 /* TickCtrl.h */ = {isa = PBXFileReference; fileEncoding = 4; lastKnownFileType = sourcecode.c.h; path = TickCtrl.h; sourceTree = "<group>"; };
		48555D8E1A92EB9D007E5E98 /* BaseScene.h */ = {isa = PBXFileReference; fileEncoding = 4; lastKnownFileType = sourcecode.c.h; path = BaseScene.h; sourceTree = "<group>"; };
		48555D8F1A92EB9D007E5E98 /* EventScene.h */ = {isa = PBXFileReference; fileEncoding = 4; lastKnownFileType = sourcecode.c.h; path = EventScene.h; sourceTree = "<group>"; };
		48555D901A92EB9D007E5E98 /* GameScene.cpp */ = {isa = PBXFileReference; fileEncoding = 4; lastKnownFileType = sourcecode.cpp.cpp; path = GameScene.cpp; sourceTree = "<group>"; };
		48555D911A92EB9D007E5E98 /* GameScene.h */ = {isa = PBXFileReference; fileEncoding = 4; lastKnownFileType = sourcecode.c.h; path = GameScene.h; sourceTree = "<group>"; };
		48555D921A92EB9D007E5E98 /* MainMenuScene.cpp */ = {isa = PBXFileReference; fileEncoding = 4; lastKnownFileType = sourcecode.cpp.cpp; path = MainMenuScene.cpp; sourceTree = "<group>"; };
		48555D931A92EB9D007E5E98 /* MainMenuScene.h */ = {isa = PBXFileReference; fileEncoding = 4; lastKnownFileType = sourcecode.c.h; path = MainMenuScene.h; sourceTree = "<group>"; };
		48555D941A92EB9D007E5E98 /* TickScheduler.cpp */ = {isa = PBXFileReference; fileEncoding = 4; lastKnownFileType = sourcecode.cpp.cpp; path = TickScheduler.cpp; sourceTree = "<group>"; };
		48555D951A92EB9D007E5E98 /* TickScheduler.h */ = {isa = PBXFileReference; fileEncoding = 4; lastKnownFileType = sourcecode.c.h; path = TickScheduler.h; sourceTree = "<group>"; };
		48555DA01A9350DE007E5E98 /* Components.h */ = {isa = PBXFileReference; lastKnownFileType = sourcecode.c.h; path = Components.h; sourceTree = "<group>"; };
		48555DA11A935101007E5E98 /* VelocityComponent.h */ = {isa = PBXFileReference; lastKnownFileType = sourcecode.c.h; path = VelocityComponent.h; sourceTree = "<group>"; };
		48555DA21A935150007E5E98 /* PositionComponent.h */ = {isa = PBXFileReference; lastKnownFileType = sourcecode.c.h; path = PositionComponent.h; sourceTree = "<group>"; };
		48555DA41A9351AB007E5E98 /* RenderComponent.h */ = {isa = PBXFileReference; lastKnownFileType = sourcecode.c.h; path = RenderComponent.h; sourceTree = "<group>"; };
		48555DA51A9353BB007E5E98 /* BaseTickSystem.h */ = {isa = PBXFileReference; lastKnownFileType = sourcecode.c.h; path = BaseTickSystem.h; sourceTree = "<group>"; };
		48555DA61A93544A007E5E98 /* RenderSystem.cpp */ = {isa = PBXFileReference; fileEncoding = 4; lastKnownFileType = sourcecode.cpp.cpp; path = RenderSystem.cpp; sourceTree = "<group>"; };
		48555DA71A93544A007E5E98 /* RenderSystem.h */ = {isa = PBXFileReference; fileEncoding = 4; lastKnownFileType = sourcecode.c.h; path = RenderSystem.h; sourceTree = "<group>"; };
		48555DAA1A935A34007E5E98 /* InputSystem.cpp */ = {isa = PBXFileReference; fileEncoding = 4; lastKnownFileType = sourcecode.cpp.cpp; path = InputSystem.cpp; sourceTree = "<group>"; };
		48555DAB1A935A34007E5E98 /* InputSystem.h */ = {isa = PBXFileReference; fileEncoding = 4; lastKnownFileType = sourcecode.c.h; path = InputSystem.h; sourceTree = "<group>"; };
		48555DAF1A93A7E2007E5E98 /* MoveSystem.cpp */ = {isa = PBXFileReference; fileEncoding = 4; lastKnownFileType = sourcecode.cpp.cpp; path = MoveSystem.cpp; sourceTree = "<group>"; };
		48555DB01A93A7E2007E5E98 /* MoveSystem.h */ = {isa = PBXFileReference; fileEncoding = 4; lastKnownFileType = sourcecode.c.h; path = MoveSystem.h; sourceTree = "<group>"; };
		48565E691A9B569400ECA779 /* ObjectInfo.h */ = {isa = PBXFileReference; lastKnownFileType = sourcecode.c.h; path = ObjectInfo.h; sourceTree = "<group>"; };
		48565E6A1A9B69BC00ECA779 /* CollisionComponent.h */ = {isa = PBXFileReference; lastKnownFileType = sourcecode.c.h; path = CollisionComponent.h; sourceTree = "<group>"; };
		48565E6B1A9B70CF00ECA779 /* CollisionSystem.h */ = {isa = PBXFileReference; lastKnownFileType = sourcecode.c.h; path = CollisionSystem.h; sourceTree = "<group>"; };
		48565E6C1A9B70FE00ECA779 /* CollisionSystem.cpp */ = {isa = PBXFileReference; fileEncoding = 4; lastKnownFileType = sourcecode.cpp.cpp; path = CollisionSystem.cpp; sourceTree = "<group>"; };
		48565E6F1A9BCF7900ECA779 /* CollisionComponent.cpp */ = {isa = PBXFileReference; fileEncoding = 4; lastKnownFileType = sourcecode.cpp.cpp; path = CollisionComponent.cpp; sourceTree = "<group>"; };
		48565E731A9CF00F00ECA779 /* SweptAABB.h */ = {isa = PBXFileReference; fileEncoding = 4; lastKnownFileType = sourcecode.c.h; path = SweptAABB.h; sourceTree = "<group>"; };
		48565E761A9CF10600ECA779 /* SweptAABB.cpp */ = {isa = PBXFileReference; fileEncoding = 4; lastKnownFileType = sourcecode.cpp.cpp; path = SweptAABB.cpp; sourceTree = "<group>"; };
		48565E8F1A9F7B0900ECA779 /* CsActionInterval.cpp */ = {isa = PBXFileReference; fileEncoding = 4; lastKnownFileType = sourcecode.cpp.cpp; path = CsActionInterval.cpp; sourceTree = "<group>"; };
		48565E901A9F7B0900ECA779 /* CsActionInterval.h */ = {isa = PBXFileReference; fileEncoding = 4; lastKnownFileType = sourcecode.c.h; path = CsActionInterval.h; sourceTree = "<group>"; };
		48565E951A9FF94C00ECA779 /* GateInfo.h */ = {isa = PBXFileReference; lastKnownFileType = sourcecode.c.h; path = GateInfo.h; sourceTree = "<group>"; };
		48565E961A9FFE1300ECA779 /* RoomModel.cpp */ = {isa = PBXFileReference; fileEncoding = 4; lastKnownFileType = sourcecode.cpp.cpp; path = RoomModel.cpp; sourceTree = "<group>"; };
		485861A71AA13DEE00F282EC /* MapData.h */ = {isa = PBXFileReference; fileEncoding = 4; lastKnownFileType = sourcecode.c.h; path = MapData.h; sourceTree = "<group>"; };
		485861AA1AA13E3B00F282EC /* DataGrid.h */ = {isa = PBXFileReference; lastKnownFileType = sourcecode.c.h; path = DataGrid.h; sourceTree = "<group>"; };
		485861B31AA14C0C00F282EC /* MapData.cpp */ = {isa = PBXFileReference; fileEncoding = 4; lastKnownFileType = sourcecode.cpp.cpp; path = MapData.cpp; sourceTree = "<group>"; };
		485861B61AA1672900F282EC /* ECSGroup.h */ = {isa = PBXFileReference; lastKnownFileType = sourcecode.c.h; path = ECSGroup.h; sourceTree = "<group>"; };
		485E68FB1A917698007B74AD /* profiles */ = {isa = PBXFileReference; lastKnownFileType = folder; path = profiles; sourceTree = "<group>"; };
		488AE6AF1AA893B1004007DB /* GateSystem.cpp */ = {isa = PBXFileReference; fileEncoding = 4; lastKnownFileType = sourcecode.cpp.cpp; path = GateSystem.cpp; sourceTree = "<group>"; };
		488AE6B01AA893B1004007DB /* GateSystem.h */ = {isa = PBXFileReference; fileEncoding = 4; lastKnownFileType = sourcecode.c.h; path = GateSystem.h; sourceTree = "<group>"; };
		488AE6B31AA9BA32004007DB /* RoomSystemCtrl.cpp */ = {isa = PBXFileReference; fileEncoding = 4; lastKnownFileType = sourcecode.cpp.cpp; path = RoomSystemCtrl.cpp; sourceTree = "<group>"; };
		488AE6B41AA9BA32004007DB /* RoomSystemCtrl.h */ = {isa = PBXFileReference; fileEncoding = 4; lastKnownFileType = sourcecode.c.h; path = RoomSystemCtrl.h; sourceTree = "<group>"; };
		48A645821A8AB83400C490BF /* Constants.h */ = {isa = PBXFileReference; lastKnownFileType = sourcecode.c.h; path = Constants.h; sourceTree = "<group>"; };
		48BA016B1A8CBCE300321E43 /* hd */ = {isa = PBXFileReference; lastKnownFileType = folder; path = hd; sourceTree = "<group>"; };
		48BA016C1A8CBCE300321E43 /* sd */ = {isa = PBXFileReference; lastKnownFileType = folder; path = sd; sourceTree = "<group>"; };
		48BA017E1A8CD71400321E43 /* maps */ = {isa = PBXFileReference; lastKnownFileType = folder; path = maps; sourceTree = "<group>"; };
		48E7B23C1AA1E9EC001E1D9A /* GateComponent.h */ = {isa = PBXFileReference; lastKnownFileType = sourcecode.c.h; path = GateComponent.h; sourceTree = "<group>"; };
		48E7B23D1AA21299001E1D9A /* RoomShape.h */ = {isa = PBXFileReference; lastKnownFileType = sourcecode.c.h; path = RoomShape.h; sourceTree = "<group>"; };
		48E7B2411AA49F22001E1D9A /* MapShape.h */ = {isa = PBXFileReference; lastKnownFileType = sourcecode.c.h; path = MapShape.h; sourceTree = "<group>"; };
		48EC12D11A953B8200579FA2 /* ProfileModel.cpp */ = {isa = PBXFileReference; fileEncoding = 4; lastKnownFileType = sourcecode.cpp.cpp; path = ProfileModel.cpp; sourceTree = "<group>"; };
		48EC12D21A953B8200579FA2 /* ProfileModel.h */ = {isa = PBXFileReference; fileEncoding = 4; lastKnownFileType = sourcecode.c.h; path = ProfileModel.h; sourceTree = "<group>"; };
		48EC12D61A9553EE00579FA2 /* ProfileData.cpp */ = {isa = PBXFileReference; fileEncoding = 4; lastKnownFileType = sourcecode.cpp.cpp; path = ProfileData.cpp; sourceTree = "<group>"; };
		48EC12D71A9553EE00579FA2 /* ProfileData.h */ = {isa = PBXFileReference; fileEncoding = 4; lastKnownFileType = sourcecode.c.h; path = ProfileData.h; sourceTree = "<group>"; };
		48EC12DB1A957FA400579FA2 /* AnimationData.h */ = {isa = PBXFileReference; lastKnownFileType = sourcecode.c.h; path = AnimationData.h; sourceTree = "<group>"; };
		48EC12DC1A96116300579FA2 /* Misc.cpp */ = {isa = PBXFileReference; fileEncoding = 4; lastKnownFileType = sourcecode.cpp.cpp; path = Misc.cpp; sourceTree = "<group>"; };
		48EC12DF1A96556800579FA2 /* RenderComponent.cpp */ = {isa = PBXFileReference; fileEncoding = 4; lastKnownFileType = sourcecode.cpp.cpp; path = RenderComponent.cpp; sourceTree = "<group>"; };
		48EC12E21A96C89200579FA2 /* OrientationComponent.h */ = {isa = PBXFileReference; lastKnownFileType = sourcecode.c.h; path = OrientationComponent.h; sourceTree = "<group>"; };
		503AE0F617EB97AB00D1A890 /* Icon.icns */ = {isa = PBXFileReference; lastKnownFileType = image.icns; path = Icon.icns; sourceTree = "<group>"; };
		503AE0F717EB97AB00D1A890 /* Info.plist */ = {isa = PBXFileReference; fileEncoding = 4; lastKnownFileType = text.plist.xml; path = Info.plist; sourceTree = "<group>"; };
		503AE0FA17EB989F00D1A890 /* AppController.h */ = {isa = PBXFileReference; fileEncoding = 4; lastKnownFileType = sourcecode.c.h; name = AppController.h; path = ios/AppController.h; sourceTree = SOURCE_ROOT; };
		503AE0FB17EB989F00D1A890 /* AppController.mm */ = {isa = PBXFileReference; fileEncoding = 4; lastKnownFileType = sourcecode.cpp.objcpp; name = AppController.mm; path = ios/AppController.mm; sourceTree = SOURCE_ROOT; };
		503AE0FC17EB989F00D1A890 /* main.m */ = {isa = PBXFileReference; fileEncoding = 4; lastKnownFileType = sourcecode.c.objc; name = main.m; path = ios/main.m; sourceTree = SOURCE_ROOT; };
		503AE0FD17EB989F00D1A890 /* Prefix.pch */ = {isa = PBXFileReference; fileEncoding = 4; lastKnownFileType = sourcecode.c.h; name = Prefix.pch; path = ios/Prefix.pch; sourceTree = SOURCE_ROOT; };
		503AE0FE17EB989F00D1A890 /* RootViewController.h */ = {isa = PBXFileReference; fileEncoding = 4; lastKnownFileType = sourcecode.c.h; name = RootViewController.h; path = ios/RootViewController.h; sourceTree = SOURCE_ROOT; };
		503AE0FF17EB989F00D1A890 /* RootViewController.mm */ = {isa = PBXFileReference; fileEncoding = 4; lastKnownFileType = sourcecode.cpp.objcpp; name = RootViewController.mm; path = ios/RootViewController.mm; sourceTree = SOURCE_ROOT; };
		503AE10317EB98FF00D1A890 /* main.cpp */ = {isa = PBXFileReference; fileEncoding = 4; lastKnownFileType = sourcecode.cpp.cpp; name = main.cpp; path = mac/main.cpp; sourceTree = "<group>"; };
		503AE10417EB98FF00D1A890 /* Prefix.pch */ = {isa = PBXFileReference; fileEncoding = 4; lastKnownFileType = sourcecode.c.h; name = Prefix.pch; path = mac/Prefix.pch; sourceTree = "<group>"; };
		503AE11117EB99EE00D1A890 /* libcurl.dylib */ = {isa = PBXFileReference; lastKnownFileType = "compiled.mach-o.dylib"; name = libcurl.dylib; path = usr/lib/libcurl.dylib; sourceTree = SDKROOT; };
		503AE11A17EB9C5A00D1A890 /* IOKit.framework */ = {isa = PBXFileReference; lastKnownFileType = wrapper.framework; name = IOKit.framework; path = System/Library/Frameworks/IOKit.framework; sourceTree = SDKROOT; };
		5087E76F17EB910900C73F5D /* ajras Mac.app */ = {isa = PBXFileReference; explicitFileType = wrapper.application; includeInIndex = 0; path = "ajras Mac.app"; sourceTree = BUILT_PRODUCTS_DIR; };
		5087E77217EB970100C73F5D /* Default-568h@2x.png */ = {isa = PBXFileReference; lastKnownFileType = image.png; path = "Default-568h@2x.png"; sourceTree = "<group>"; };
		5087E77317EB970100C73F5D /* Default.png */ = {isa = PBXFileReference; lastKnownFileType = image.png; path = Default.png; sourceTree = "<group>"; };
		5087E77417EB970100C73F5D /* Default@2x.png */ = {isa = PBXFileReference; lastKnownFileType = image.png; path = "Default@2x.png"; sourceTree = "<group>"; };
		5087E77517EB970100C73F5D /* Icon-114.png */ = {isa = PBXFileReference; lastKnownFileType = image.png; path = "Icon-114.png"; sourceTree = "<group>"; };
		5087E77617EB970100C73F5D /* Icon-120.png */ = {isa = PBXFileReference; lastKnownFileType = image.png; path = "Icon-120.png"; sourceTree = "<group>"; };
		5087E77717EB970100C73F5D /* Icon-144.png */ = {isa = PBXFileReference; lastKnownFileType = image.png; path = "Icon-144.png"; sourceTree = "<group>"; };
		5087E77817EB970100C73F5D /* Icon-152.png */ = {isa = PBXFileReference; lastKnownFileType = image.png; path = "Icon-152.png"; sourceTree = "<group>"; };
		5087E77917EB970100C73F5D /* Icon-57.png */ = {isa = PBXFileReference; lastKnownFileType = image.png; path = "Icon-57.png"; sourceTree = "<group>"; };
		5087E77A17EB970100C73F5D /* Icon-72.png */ = {isa = PBXFileReference; lastKnownFileType = image.png; path = "Icon-72.png"; sourceTree = "<group>"; };
		5087E77B17EB970100C73F5D /* Icon-76.png */ = {isa = PBXFileReference; lastKnownFileType = image.png; path = "Icon-76.png"; sourceTree = "<group>"; };
		5087E77C17EB970100C73F5D /* Info.plist */ = {isa = PBXFileReference; fileEncoding = 4; lastKnownFileType = text.plist.xml; path = Info.plist; sourceTree = "<group>"; };
		5087E78817EB974C00C73F5D /* AppKit.framework */ = {isa = PBXFileReference; lastKnownFileType = wrapper.framework; name = AppKit.framework; path = System/Library/Frameworks/AppKit.framework; sourceTree = SDKROOT; };
		5087E78A17EB975400C73F5D /* OpenGL.framework */ = {isa = PBXFileReference; lastKnownFileType = wrapper.framework; name = OpenGL.framework; path = System/Library/Frameworks/OpenGL.framework; sourceTree = SDKROOT; };
		50EF629217ECD46A001EB2F8 /* Icon-40.png */ = {isa = PBXFileReference; lastKnownFileType = image.png; path = "Icon-40.png"; sourceTree = "<group>"; };
		50EF629317ECD46A001EB2F8 /* Icon-58.png */ = {isa = PBXFileReference; lastKnownFileType = image.png; path = "Icon-58.png"; sourceTree = "<group>"; };
		50EF629417ECD46A001EB2F8 /* Icon-80.png */ = {isa = PBXFileReference; lastKnownFileType = image.png; path = "Icon-80.png"; sourceTree = "<group>"; };
		50EF629517ECD46A001EB2F8 /* Icon-100.png */ = {isa = PBXFileReference; lastKnownFileType = image.png; path = "Icon-100.png"; sourceTree = "<group>"; };
		50EF62A017ECD613001EB2F8 /* Icon-29.png */ = {isa = PBXFileReference; lastKnownFileType = image.png; path = "Icon-29.png"; sourceTree = "<group>"; };
		50EF62A117ECD613001EB2F8 /* Icon-50.png */ = {isa = PBXFileReference; lastKnownFileType = image.png; path = "Icon-50.png"; sourceTree = "<group>"; };
		521A8E6219F0C34300D177D7 /* Default-667h@2x.png */ = {isa = PBXFileReference; lastKnownFileType = image.png; path = "Default-667h@2x.png"; sourceTree = "<group>"; };
		521A8E6319F0C34300D177D7 /* Default-736h@3x.png */ = {isa = PBXFileReference; lastKnownFileType = image.png; path = "Default-736h@3x.png"; sourceTree = "<group>"; };
		521A8EA819F11F5000D177D7 /* fonts */ = {isa = PBXFileReference; lastKnownFileType = folder; path = fonts; sourceTree = "<group>"; };
		52B47A461A53D09B004E4C60 /* Security.framework */ = {isa = PBXFileReference; lastKnownFileType = wrapper.framework; name = Security.framework; path = Platforms/iPhoneOS.platform/Developer/SDKs/iPhoneOS8.1.sdk/System/Library/Frameworks/Security.framework; sourceTree = DEVELOPER_DIR; };
		BF170DB012928DE900B8313A /* OpenGLES.framework */ = {isa = PBXFileReference; lastKnownFileType = wrapper.framework; name = OpenGLES.framework; path = System/Library/Frameworks/OpenGLES.framework; sourceTree = SDKROOT; };
		BF170DB412928DE900B8313A /* libz.dylib */ = {isa = PBXFileReference; lastKnownFileType = "compiled.mach-o.dylib"; name = libz.dylib; path = usr/lib/libz.dylib; sourceTree = SDKROOT; };
		BF1C47EA1293683800B63C5D /* QuartzCore.framework */ = {isa = PBXFileReference; lastKnownFileType = wrapper.framework; name = QuartzCore.framework; path = System/Library/Frameworks/QuartzCore.framework; sourceTree = SDKROOT; };
		D44C620B132DFF330009C878 /* OpenAL.framework */ = {isa = PBXFileReference; lastKnownFileType = wrapper.framework; name = OpenAL.framework; path = System/Library/Frameworks/OpenAL.framework; sourceTree = SDKROOT; };
		D44C620D132DFF430009C878 /* AVFoundation.framework */ = {isa = PBXFileReference; lastKnownFileType = wrapper.framework; name = AVFoundation.framework; path = System/Library/Frameworks/AVFoundation.framework; sourceTree = SDKROOT; };
		D44C620F132DFF4E0009C878 /* AudioToolbox.framework */ = {isa = PBXFileReference; lastKnownFileType = wrapper.framework; name = AudioToolbox.framework; path = System/Library/Frameworks/AudioToolbox.framework; sourceTree = SDKROOT; };
		D6B0611A1803AB670077942B /* CoreMotion.framework */ = {isa = PBXFileReference; lastKnownFileType = wrapper.framework; name = CoreMotion.framework; path = Platforms/iPhoneOS.platform/Developer/SDKs/iPhoneOS7.0.sdk/System/Library/Frameworks/CoreMotion.framework; sourceTree = DEVELOPER_DIR; };
/* End PBXFileReference section */

/* Begin PBXFrameworksBuildPhase section */
		1D60588F0D05DD3D006BFB54 /* Frameworks */ = {
			isa = PBXFrameworksBuildPhase;
			buildActionMask = 2147483647;
			files = (
				52B47A471A53D09C004E4C60 /* Security.framework in Frameworks */,
				1AC6FB30180E99EB004C840B /* libcocos2d iOS.a in Frameworks */,
				D6B0611B1803AB670077942B /* CoreMotion.framework in Frameworks */,
				1D60589F0D05DD5A006BFB54 /* Foundation.framework in Frameworks */,
				1DF5F4E00D08C38300B7A737 /* UIKit.framework in Frameworks */,
				288765A50DF7441C002DB57D /* CoreGraphics.framework in Frameworks */,
				BF171245129291EC00B8313A /* OpenGLES.framework in Frameworks */,
				BF1712471292920000B8313A /* libz.dylib in Frameworks */,
				BF1C47F01293687400B63C5D /* QuartzCore.framework in Frameworks */,
				D44C620C132DFF330009C878 /* OpenAL.framework in Frameworks */,
				D44C620E132DFF430009C878 /* AVFoundation.framework in Frameworks */,
				D44C6210132DFF4E0009C878 /* AudioToolbox.framework in Frameworks */,
			);
			runOnlyForDeploymentPostprocessing = 0;
		};
		5087E75C17EB910900C73F5D /* Frameworks */ = {
			isa = PBXFrameworksBuildPhase;
			buildActionMask = 2147483647;
			files = (
				48555D9E1A92EF3B007E5E98 /* libz.dylib in Frameworks */,
				48555D9D1A92EF1A007E5E98 /* libcurl.dylib in Frameworks */,
				1AC6FB21180E996B004C840B /* libcocos2d Mac.a in Frameworks */,
				503AE11B17EB9C5A00D1A890 /* IOKit.framework in Frameworks */,
				5087E78B17EB975400C73F5D /* OpenGL.framework in Frameworks */,
				5087E78917EB974C00C73F5D /* AppKit.framework in Frameworks */,
				5087E76317EB910900C73F5D /* Foundation.framework in Frameworks */,
				5087E76817EB910900C73F5D /* QuartzCore.framework in Frameworks */,
				5087E76917EB910900C73F5D /* OpenAL.framework in Frameworks */,
				5087E76A17EB910900C73F5D /* AVFoundation.framework in Frameworks */,
				5087E76B17EB910900C73F5D /* AudioToolbox.framework in Frameworks */,
			);
			runOnlyForDeploymentPostprocessing = 0;
		};
/* End PBXFrameworksBuildPhase section */

/* Begin PBXGroup section */
		080E96DDFE201D6D7F000001 /* ios */ = {
			isa = PBXGroup;
			children = (
				5087E77117EB970100C73F5D /* Icons */,
				503AE0FA17EB989F00D1A890 /* AppController.h */,
				503AE0FB17EB989F00D1A890 /* AppController.mm */,
				503AE0FC17EB989F00D1A890 /* main.m */,
				503AE0FD17EB989F00D1A890 /* Prefix.pch */,
				503AE0FE17EB989F00D1A890 /* RootViewController.h */,
				503AE0FF17EB989F00D1A890 /* RootViewController.mm */,
			);
			name = ios;
			path = Classes;
			sourceTree = "<group>";
		};
		19C28FACFE9D520D11CA2CBB /* Products */ = {
			isa = PBXGroup;
			children = (
				1D6058910D05DD3D006BFB54 /* ajras iOS.app */,
				5087E76F17EB910900C73F5D /* ajras Mac.app */,
			);
			name = Products;
			sourceTree = "<group>";
		};
		1AC6FAE6180E9839004C840B /* Products */ = {
			isa = PBXGroup;
			children = (
				1AC6FAF9180E9839004C840B /* libcocos2d Mac.a */,
				1AC6FB07180E9839004C840B /* libcocos2d iOS.a */,
			);
			name = Products;
			sourceTree = "<group>";
		};
		29B97314FDCFA39411CA2CEA /* CustomTemplate */ = {
			isa = PBXGroup;
			children = (
				1AC6FAE5180E9839004C840B /* cocos2d_libs.xcodeproj */,
				29B97323FDCFA39411CA2CEA /* Frameworks */,
				080E96DDFE201D6D7F000001 /* ios */,
				503AE10617EB990700D1A890 /* mac */,
				19C28FACFE9D520D11CA2CBB /* Products */,
				46880B8319C43A87006E1F66 /* Classes */,
				46880B7519C43A67006E1F66 /* Resources */,
				48BA01501A8CBCB600321E43 /* Resources-iOS */,
			);
			name = CustomTemplate;
			sourceTree = "<group>";
		};
		29B97323FDCFA39411CA2CEA /* Frameworks */ = {
			isa = PBXGroup;
			children = (
				52B47A461A53D09B004E4C60 /* Security.framework */,
				D6B0611A1803AB670077942B /* CoreMotion.framework */,
				503AE11A17EB9C5A00D1A890 /* IOKit.framework */,
				503AE11117EB99EE00D1A890 /* libcurl.dylib */,
				5087E78A17EB975400C73F5D /* OpenGL.framework */,
				5087E78817EB974C00C73F5D /* AppKit.framework */,
				1ACB3243164770DE00914215 /* libcurl.a */,
				BF170DB412928DE900B8313A /* libz.dylib */,
				D44C620F132DFF4E0009C878 /* AudioToolbox.framework */,
				D44C620D132DFF430009C878 /* AVFoundation.framework */,
				288765A40DF7441C002DB57D /* CoreGraphics.framework */,
				1D30AB110D05D00D00671497 /* Foundation.framework */,
				D44C620B132DFF330009C878 /* OpenAL.framework */,
				BF170DB012928DE900B8313A /* OpenGLES.framework */,
				BF1C47EA1293683800B63C5D /* QuartzCore.framework */,
				1DF5F4DF0D08C38300B7A737 /* UIKit.framework */,
			);
			name = Frameworks;
			sourceTree = "<group>";
		};
		46880B7519C43A67006E1F66 /* Resources */ = {
			isa = PBXGroup;
			children = (
				485E68FB1A917698007B74AD /* profiles */,
				48BA017E1A8CD71400321E43 /* maps */,
				521A8EA819F11F5000D177D7 /* fonts */,
				46880B7619C43A67006E1F66 /* CloseNormal.png */,
				46880B7719C43A67006E1F66 /* CloseSelected.png */,
				46880B7A19C43A67006E1F66 /* HelloWorld.png */,
			);
			name = Resources;
			path = ../Resources;
			sourceTree = "<group>";
		};
		46880B8319C43A87006E1F66 /* Classes */ = {
			isa = PBXGroup;
			children = (
				46880B8519C43A87006E1F66 /* AppDelegate.h */,
				46880B8419C43A87006E1F66 /* AppDelegate.cpp */,
				48555D761A92EB79007E5E98 /* Controller */,
				48555D8D1A92EB9D007E5E98 /* View */,
				48555D651A92DFE1007E5E98 /* Model */,
				48555D9F1A9350A1007E5E98 /* System */,
				48555D541A92DE09007E5E98 /* Lib */,
				4854723F1A92D768000CA4DC /* Headers.h */,
				48A645821A8AB83400C490BF /* Constants.h */,
			);
			name = Classes;
			path = ../Classes;
			sourceTree = "<group>";
		};
		48555D541A92DE09007E5E98 /* Lib */ = {
			isa = PBXGroup;
			children = (
				48555D551A92DE09007E5E98 /* Any.h */,
				48555D561A92DE09007E5E98 /* Callback.h */,
				48555D571A92DE09007E5E98 /* ECS.h */,
				485861B61AA1672900F282EC /* ECSGroup.h */,
				48555D581A92DE09007E5E98 /* Event.h */,
				48555D591A92DE09007E5E98 /* Jsonxx.cpp */,
				48555D5A1A92DE09007E5E98 /* Jsonxx.h */,
				48555D5B1A92DE09007E5E98 /* ScreenLog.cpp */,
				48555D5C1A92DE09007E5E98 /* ScreenLog.h */,
				48555D5D1A92DE09007E5E98 /* Singleton.h */,
				48555D5F1A92DE09007E5E98 /* V2.h */,
				48555D641A92DF38007E5E98 /* Misc.h */,
				48EC12DC1A96116300579FA2 /* Misc.cpp */,
				48565E731A9CF00F00ECA779 /* SweptAABB.h */,
				48565E761A9CF10600ECA779 /* SweptAABB.cpp */,
				48565E8F1A9F7B0900ECA779 /* CsActionInterval.cpp */,
				48565E901A9F7B0900ECA779 /* CsActionInterval.h */,
				485861AA1AA13E3B00F282EC /* DataGrid.h */,
			);
			path = Lib;
			sourceTree = "<group>";
		};
		48555D651A92DFE1007E5E98 /* Model */ = {
			isa = PBXGroup;
			children = (
				48555D671A92DFE1007E5E98 /* BlockInfo.h */,
				48565E951A9FF94C00ECA779 /* GateInfo.h */,
				48565E691A9B569400ECA779 /* ObjectInfo.h */,
				48555D691A92DFE1007E5E98 /* RoomData.h */,
				48555D731A92E5E0007E5E98 /* RoomModel.h */,
				48565E961A9FFE1300ECA779 /* RoomModel.cpp */,
				48E7B23D1AA21299001E1D9A /* RoomShape.h */,
				48E7B2411AA49F22001E1D9A /* MapShape.h */,
				485861A71AA13DEE00F282EC /* MapData.h */,
				485861B31AA14C0C00F282EC /* MapData.cpp */,
				48EC12D11A953B8200579FA2 /* ProfileModel.cpp */,
				48EC12D21A953B8200579FA2 /* ProfileModel.h */,
				48EC12D61A9553EE00579FA2 /* ProfileData.cpp */,
				48EC12D71A9553EE00579FA2 /* ProfileData.h */,
				48EC12DB1A957FA400579FA2 /* AnimationData.h */,
			);
			path = Model;
			sourceTree = "<group>";
		};
		48555D761A92EB79007E5E98 /* Controller */ = {
			isa = PBXGroup;
			children = (
				48555D771A92EB79007E5E98 /* BaseMediator.h */,
				48555D781A92EB79007E5E98 /* BaseSceneMediator.h */,
				48555D791A92EB79007E5E98 /* GameCtrl.cpp */,
				48555D7A1A92EB79007E5E98 /* GameCtrl.h */,
				48555D7B1A92EB79007E5E98 /* GameMediator.cpp */,
				48555D7C1A92EB79007E5E98 /* GameMediator.h */,
				48555D7D1A92EB79007E5E98 /* MainMenuMediator.cpp */,
				48555D7E1A92EB79007E5E98 /* MainMenuMediator.h */,
				48555D7F1A92EB79007E5E98 /* SceneManager.cpp */,
				48555D801A92EB79007E5E98 /* SceneManager.h */,
				48555D811A92EB79007E5E98 /* TickCtrl.cpp */,
				48555D821A92EB79007E5E98 /* TickCtrl.h */,
				488AE6B31AA9BA32004007DB /* RoomSystemCtrl.cpp */,
				488AE6B41AA9BA32004007DB /* RoomSystemCtrl.h */,
			);
			path = Controller;
			sourceTree = "<group>";
		};
		48555D8D1A92EB9D007E5E98 /* View */ = {
			isa = PBXGroup;
			children = (
				48555D8E1A92EB9D007E5E98 /* BaseScene.h */,
				48555D8F1A92EB9D007E5E98 /* EventScene.h */,
				48555D901A92EB9D007E5E98 /* GameScene.cpp */,
				48555D911A92EB9D007E5E98 /* GameScene.h */,
				48555D921A92EB9D007E5E98 /* MainMenuScene.cpp */,
				48555D931A92EB9D007E5E98 /* MainMenuScene.h */,
				48555D941A92EB9D007E5E98 /* TickScheduler.cpp */,
				48555D951A92EB9D007E5E98 /* TickScheduler.h */,
			);
			path = View;
			sourceTree = "<group>";
		};
		48555D9F1A9350A1007E5E98 /* System */ = {
			isa = PBXGroup;
			children = (
				48555DA01A9350DE007E5E98 /* Components.h */,
				48555DA11A935101007E5E98 /* VelocityComponent.h */,
				48555DA21A935150007E5E98 /* PositionComponent.h */,
				48E7B23C1AA1E9EC001E1D9A /* GateComponent.h */,
				48565E6A1A9B69BC00ECA779 /* CollisionComponent.h */,
				48565E6F1A9BCF7900ECA779 /* CollisionComponent.cpp */,
				48EC12E21A96C89200579FA2 /* OrientationComponent.h */,
				48555DA41A9351AB007E5E98 /* RenderComponent.h */,
				48EC12DF1A96556800579FA2 /* RenderComponent.cpp */,
				48555DA51A9353BB007E5E98 /* BaseTickSystem.h */,
				48555DA61A93544A007E5E98 /* RenderSystem.cpp */,
				48555DA71A93544A007E5E98 /* RenderSystem.h */,
				48555DAA1A935A34007E5E98 /* InputSystem.cpp */,
				48555DAB1A935A34007E5E98 /* InputSystem.h */,
				48565E6C1A9B70FE00ECA779 /* CollisionSystem.cpp */,
				48565E6B1A9B70CF00ECA779 /* CollisionSystem.h */,
				48555DAF1A93A7E2007E5E98 /* MoveSystem.cpp */,
				48555DB01A93A7E2007E5E98 /* MoveSystem.h */,
				488AE6AF1AA893B1004007DB /* GateSystem.cpp */,
				488AE6B01AA893B1004007DB /* GateSystem.h */,
			);
			path = System;
			sourceTree = "<group>";
		};
		48BA01501A8CBCB600321E43 /* Resources-iOS */ = {
			isa = PBXGroup;
			children = (
				48BA016B1A8CBCE300321E43 /* hd */,
				48BA016C1A8CBCE300321E43 /* sd */,
			);
			name = "Resources-iOS";
			path = "../Resources-iOS";
			sourceTree = "<group>";
		};
		503AE0F517EB97AB00D1A890 /* Icons */ = {
			isa = PBXGroup;
			children = (
				503AE0F617EB97AB00D1A890 /* Icon.icns */,
				503AE0F717EB97AB00D1A890 /* Info.plist */,
			);
			name = Icons;
			path = mac;
			sourceTree = SOURCE_ROOT;
		};
		503AE10617EB990700D1A890 /* mac */ = {
			isa = PBXGroup;
			children = (
				503AE0F517EB97AB00D1A890 /* Icons */,
				503AE10317EB98FF00D1A890 /* main.cpp */,
				503AE10417EB98FF00D1A890 /* Prefix.pch */,
			);
			name = mac;
			sourceTree = "<group>";
		};
		5087E77117EB970100C73F5D /* Icons */ = {
			isa = PBXGroup;
			children = (
				521A8E6219F0C34300D177D7 /* Default-667h@2x.png */,
				521A8E6319F0C34300D177D7 /* Default-736h@3x.png */,
				5087E77217EB970100C73F5D /* Default-568h@2x.png */,
				5087E77317EB970100C73F5D /* Default.png */,
				5087E77417EB970100C73F5D /* Default@2x.png */,
				50EF62A017ECD613001EB2F8 /* Icon-29.png */,
				50EF62A117ECD613001EB2F8 /* Icon-50.png */,
				50EF629217ECD46A001EB2F8 /* Icon-40.png */,
				50EF629317ECD46A001EB2F8 /* Icon-58.png */,
				50EF629417ECD46A001EB2F8 /* Icon-80.png */,
				50EF629517ECD46A001EB2F8 /* Icon-100.png */,
				5087E77517EB970100C73F5D /* Icon-114.png */,
				5087E77617EB970100C73F5D /* Icon-120.png */,
				5087E77717EB970100C73F5D /* Icon-144.png */,
				5087E77817EB970100C73F5D /* Icon-152.png */,
				5087E77917EB970100C73F5D /* Icon-57.png */,
				5087E77A17EB970100C73F5D /* Icon-72.png */,
				5087E77B17EB970100C73F5D /* Icon-76.png */,
				5087E77C17EB970100C73F5D /* Info.plist */,
			);
			name = Icons;
			path = ios;
			sourceTree = SOURCE_ROOT;
		};
/* End PBXGroup section */

/* Begin PBXLegacyTarget section */
		485E69021A91ECB5007B74AD /* TexturePacker */ = {
			isa = PBXLegacyTarget;
			buildArgumentsString = "${PROJECT_DIR}/../Textures/pack.sh";
			buildConfigurationList = 485E69031A91ECB5007B74AD /* Build configuration list for PBXLegacyTarget "TexturePacker" */;
			buildPhases = (
			);
			buildToolPath = /bin/sh;
			buildWorkingDirectory = "${SRCROOT}/../";
			dependencies = (
			);
			name = TexturePacker;
			passBuildSettingsInEnvironment = 1;
			productName = TexturePacker;
		};
/* End PBXLegacyTarget section */

/* Begin PBXNativeTarget section */
		1D6058900D05DD3D006BFB54 /* ajras iOS */ = {
			isa = PBXNativeTarget;
			buildConfigurationList = 1D6058960D05DD3E006BFB54 /* Build configuration list for PBXNativeTarget "ajras iOS" */;
			buildPhases = (
				1D60588D0D05DD3D006BFB54 /* Resources */,
				1D60588E0D05DD3D006BFB54 /* Sources */,
				1D60588F0D05DD3D006BFB54 /* Frameworks */,
			);
			buildRules = (
			);
			dependencies = (
				1AC6FB25180E99E1004C840B /* PBXTargetDependency */,
				485E69071A91ED57007B74AD /* PBXTargetDependency */,
			);
			name = "ajras iOS";
			productName = iphone;
			productReference = 1D6058910D05DD3D006BFB54 /* ajras iOS.app */;
			productType = "com.apple.product-type.application";
		};
		5087E73D17EB910900C73F5D /* ajras Mac */ = {
			isa = PBXNativeTarget;
			buildConfigurationList = 5087E76C17EB910900C73F5D /* Build configuration list for PBXNativeTarget "ajras Mac" */;
			buildPhases = (
				5087E74817EB910900C73F5D /* Resources */,
				5087E75617EB910900C73F5D /* Sources */,
				5087E75C17EB910900C73F5D /* Frameworks */,
			);
			buildRules = (
			);
			dependencies = (
				1AC6FB16180E9959004C840B /* PBXTargetDependency */,
				485E69091A91ED6D007B74AD /* PBXTargetDependency */,
			);
			name = "ajras Mac";
			productName = iphone;
			productReference = 5087E76F17EB910900C73F5D /* ajras Mac.app */;
			productType = "com.apple.product-type.application";
		};
/* End PBXNativeTarget section */

/* Begin PBXProject section */
		29B97313FDCFA39411CA2CEA /* Project object */ = {
			isa = PBXProject;
			attributes = {
				LastUpgradeCheck = 0610;
				TargetAttributes = {
					1D6058900D05DD3D006BFB54 = {
						DevelopmentTeam = QF84AY95W3;
					};
					485E69021A91ECB5007B74AD = {
						CreatedOnToolsVersion = 6.1.1;
					};
				};
			};
			buildConfigurationList = C01FCF4E08A954540054247B /* Build configuration list for PBXProject "ajras" */;
			compatibilityVersion = "Xcode 3.2";
			developmentRegion = English;
			hasScannedForEncodings = 1;
			knownRegions = (
				English,
				Japanese,
				French,
				German,
			);
			mainGroup = 29B97314FDCFA39411CA2CEA /* CustomTemplate */;
			projectDirPath = "";
			projectReferences = (
				{
					ProductGroup = 1AC6FAE6180E9839004C840B /* Products */;
					ProjectRef = 1AC6FAE5180E9839004C840B /* cocos2d_libs.xcodeproj */;
				},
			);
			projectRoot = "";
			targets = (
				1D6058900D05DD3D006BFB54 /* ajras iOS */,
				5087E73D17EB910900C73F5D /* ajras Mac */,
				485E69021A91ECB5007B74AD /* TexturePacker */,
			);
		};
/* End PBXProject section */

/* Begin PBXReferenceProxy section */
		1AC6FAF9180E9839004C840B /* libcocos2d Mac.a */ = {
			isa = PBXReferenceProxy;
			fileType = archive.ar;
			path = "libcocos2d Mac.a";
			remoteRef = 1AC6FAF8180E9839004C840B /* PBXContainerItemProxy */;
			sourceTree = BUILT_PRODUCTS_DIR;
		};
		1AC6FB07180E9839004C840B /* libcocos2d iOS.a */ = {
			isa = PBXReferenceProxy;
			fileType = archive.ar;
			path = "libcocos2d iOS.a";
			remoteRef = 1AC6FB06180E9839004C840B /* PBXContainerItemProxy */;
			sourceTree = BUILT_PRODUCTS_DIR;
		};
/* End PBXReferenceProxy section */

/* Begin PBXResourcesBuildPhase section */
		1D60588D0D05DD3D006BFB54 /* Resources */ = {
			isa = PBXResourcesBuildPhase;
			buildActionMask = 2147483647;
			files = (
				5087E78117EB970100C73F5D /* Icon-120.png in Resources */,
				5087E78617EB970100C73F5D /* Icon-76.png in Resources */,
				5087E77F17EB970100C73F5D /* Default@2x.png in Resources */,
				48BA017F1A8CD71400321E43 /* maps in Resources */,
				48BA016D1A8CBCE300321E43 /* hd in Resources */,
				50EF629917ECD46A001EB2F8 /* Icon-100.png in Resources */,
				5087E78317EB970100C73F5D /* Icon-152.png in Resources */,
				46880B8119C43A67006E1F66 /* HelloWorld.png in Resources */,
				46880B7D19C43A67006E1F66 /* CloseSelected.png in Resources */,
				5087E77D17EB970100C73F5D /* Default-568h@2x.png in Resources */,
				5087E78517EB970100C73F5D /* Icon-72.png in Resources */,
				521A8E6519F0C34300D177D7 /* Default-736h@3x.png in Resources */,
				521A8EA919F11F5000D177D7 /* fonts in Resources */,
				50EF62A317ECD613001EB2F8 /* Icon-50.png in Resources */,
				485E68FC1A917698007B74AD /* profiles in Resources */,
				48BA016F1A8CBCE300321E43 /* sd in Resources */,
				5087E78017EB970100C73F5D /* Icon-114.png in Resources */,
				50EF62A217ECD613001EB2F8 /* Icon-29.png in Resources */,
				50EF629617ECD46A001EB2F8 /* Icon-40.png in Resources */,
				5087E78217EB970100C73F5D /* Icon-144.png in Resources */,
				50EF629817ECD46A001EB2F8 /* Icon-80.png in Resources */,
				5087E78417EB970100C73F5D /* Icon-57.png in Resources */,
				5087E77E17EB970100C73F5D /* Default.png in Resources */,
				521A8E6419F0C34300D177D7 /* Default-667h@2x.png in Resources */,
				46880B7B19C43A67006E1F66 /* CloseNormal.png in Resources */,
				50EF629717ECD46A001EB2F8 /* Icon-58.png in Resources */,
			);
			runOnlyForDeploymentPostprocessing = 0;
		};
		5087E74817EB910900C73F5D /* Resources */ = {
			isa = PBXResourcesBuildPhase;
			buildActionMask = 2147483647;
			files = (
				46880B8219C43A67006E1F66 /* HelloWorld.png in Resources */,
				503AE0F817EB97AB00D1A890 /* Icon.icns in Resources */,
				48BA016E1A8CBCE300321E43 /* hd in Resources */,
				521A8EAA19F11F5000D177D7 /* fonts in Resources */,
				46880B7C19C43A67006E1F66 /* CloseNormal.png in Resources */,
				485E68FD1A917698007B74AD /* profiles in Resources */,
				48BA01801A8CD71400321E43 /* maps in Resources */,
				46880B7E19C43A67006E1F66 /* CloseSelected.png in Resources */,
				48BA01701A8CBCE300321E43 /* sd in Resources */,
			);
			runOnlyForDeploymentPostprocessing = 0;
		};
/* End PBXResourcesBuildPhase section */

/* Begin PBXSourcesBuildPhase section */
		1D60588E0D05DD3D006BFB54 /* Sources */ = {
			isa = PBXSourcesBuildPhase;
			buildActionMask = 2147483647;
			files = (
				48555D851A92EB79007E5E98 /* GameMediator.cpp in Sources */,
				488AE6B11AA893B1004007DB /* GateSystem.cpp in Sources */,
				48555D831A92EB79007E5E98 /* GameCtrl.cpp in Sources */,
				485861B41AA14C0C00F282EC /* MapData.cpp in Sources */,
				503AE10117EB989F00D1A890 /* main.m in Sources */,
				488AE6B51AA9BA32004007DB /* RoomSystemCtrl.cpp in Sources */,
				48555D621A92DE09007E5E98 /* ScreenLog.cpp in Sources */,
				48565E911A9F7B0900ECA779 /* CsActionInterval.cpp in Sources */,
				48EC12E01A96556800579FA2 /* RenderComponent.cpp in Sources */,
				48555D981A92EB9D007E5E98 /* MainMenuScene.cpp in Sources */,
				48555DB11A93A7E2007E5E98 /* MoveSystem.cpp in Sources */,
				48565E771A9CF10600ECA779 /* SweptAABB.cpp in Sources */,
				48EC12D81A9553EE00579FA2 /* ProfileData.cpp in Sources */,
				48555DAC1A935A34007E5E98 /* InputSystem.cpp in Sources */,
				48555D891A92EB79007E5E98 /* SceneManager.cpp in Sources */,
				48EC12DD1A96116300579FA2 /* Misc.cpp in Sources */,
				48565E6D1A9B70FE00ECA779 /* CollisionSystem.cpp in Sources */,
				46880B8819C43A87006E1F66 /* AppDelegate.cpp in Sources */,
				48555D601A92DE09007E5E98 /* Jsonxx.cpp in Sources */,
				48565E971A9FFE1300ECA779 /* RoomModel.cpp in Sources */,
				48555D9A1A92EB9D007E5E98 /* TickScheduler.cpp in Sources */,
				503AE10017EB989F00D1A890 /* AppController.mm in Sources */,
				48555DA81A93544A007E5E98 /* RenderSystem.cpp in Sources */,
				48565E701A9BCF7900ECA779 /* CollisionComponent.cpp in Sources */,
				503AE10217EB989F00D1A890 /* RootViewController.mm in Sources */,
				48555D8B1A92EB79007E5E98 /* TickCtrl.cpp in Sources */,
				48EC12D31A953B8200579FA2 /* ProfileModel.cpp in Sources */,
				48555D961A92EB9D007E5E98 /* GameScene.cpp in Sources */,
				48555D871A92EB79007E5E98 /* MainMenuMediator.cpp in Sources */,
			);
			runOnlyForDeploymentPostprocessing = 0;
		};
		5087E75617EB910900C73F5D /* Sources */ = {
			isa = PBXSourcesBuildPhase;
			buildActionMask = 2147483647;
			files = (
				48EC12E11A96556800579FA2 /* RenderComponent.cpp in Sources */,
				485861B51AA14C0C00F282EC /* MapData.cpp in Sources */,
				48555D971A92EB9D007E5E98 /* GameScene.cpp in Sources */,
				48555D8A1A92EB79007E5E98 /* SceneManager.cpp in Sources */,
				48555DB21A93A7E2007E5E98 /* MoveSystem.cpp in Sources */,
				48EC12D41A953B8200579FA2 /* ProfileModel.cpp in Sources */,
				46880B8919C43A87006E1F66 /* AppDelegate.cpp in Sources */,
				48555D8C1A92EB79007E5E98 /* TickCtrl.cpp in Sources */,
				48555D861A92EB79007E5E98 /* GameMediator.cpp in Sources */,
				48555D631A92DE09007E5E98 /* ScreenLog.cpp in Sources */,
				48555D611A92DE09007E5E98 /* Jsonxx.cpp in Sources */,
				48EC12DE1A96116300579FA2 /* Misc.cpp in Sources */,
				503AE10517EB98FF00D1A890 /* main.cpp in Sources */,
				48555D881A92EB79007E5E98 /* MainMenuMediator.cpp in Sources */,
				48555DAD1A935A34007E5E98 /* InputSystem.cpp in Sources */,
				48555DA91A93544A007E5E98 /* RenderSystem.cpp in Sources */,
				48555D991A92EB9D007E5E98 /* MainMenuScene.cpp in Sources */,
				48EC12D91A9553EE00579FA2 /* ProfileData.cpp in Sources */,
				48565E6E1A9B710500ECA779 /* CollisionSystem.cpp in Sources */,
				48565E921A9F7B0900ECA779 /* CsActionInterval.cpp in Sources */,
				48565E711A9BCF7900ECA779 /* CollisionComponent.cpp in Sources */,
				488AE6B61AA9BA32004007DB /* RoomSystemCtrl.cpp in Sources */,
				48565E981A9FFE1300ECA779 /* RoomModel.cpp in Sources */,
				48565E781A9CF10600ECA779 /* SweptAABB.cpp in Sources */,
				488AE6B21AA893B1004007DB /* GateSystem.cpp in Sources */,
				48555D9B1A92EB9D007E5E98 /* TickScheduler.cpp in Sources */,
				48555D841A92EB79007E5E98 /* GameCtrl.cpp in Sources */,
			);
			runOnlyForDeploymentPostprocessing = 0;
		};
/* End PBXSourcesBuildPhase section */

/* Begin PBXTargetDependency section */
		1AC6FB16180E9959004C840B /* PBXTargetDependency */ = {
			isa = PBXTargetDependency;
			name = "cocos2dx Mac";
			targetProxy = 1AC6FB15180E9959004C840B /* PBXContainerItemProxy */;
		};
		1AC6FB25180E99E1004C840B /* PBXTargetDependency */ = {
			isa = PBXTargetDependency;
			name = "cocos2dx iOS";
			targetProxy = 1AC6FB24180E99E1004C840B /* PBXContainerItemProxy */;
		};
		485E69071A91ED57007B74AD /* PBXTargetDependency */ = {
			isa = PBXTargetDependency;
			target = 485E69021A91ECB5007B74AD /* TexturePacker */;
			targetProxy = 485E69061A91ED57007B74AD /* PBXContainerItemProxy */;
		};
		485E69091A91ED6D007B74AD /* PBXTargetDependency */ = {
			isa = PBXTargetDependency;
			target = 485E69021A91ECB5007B74AD /* TexturePacker */;
			targetProxy = 485E69081A91ED6D007B74AD /* PBXContainerItemProxy */;
		};
/* End PBXTargetDependency section */

/* Begin XCBuildConfiguration section */
		1D6058940D05DD3E006BFB54 /* Debug */ = {
			isa = XCBuildConfiguration;
			buildSettings = {
				ALWAYS_SEARCH_USER_PATHS = YES;
				CODE_SIGN_IDENTITY = "iPhone Developer";
				COMPRESS_PNG_FILES = NO;
				GCC_DYNAMIC_NO_PIC = NO;
				GCC_INLINES_ARE_PRIVATE_EXTERN = NO;
				GCC_PRECOMPILE_PREFIX_HEADER = YES;
				GCC_PREFIX_HEADER = ios/Prefix.pch;
				GCC_PREPROCESSOR_DEFINITIONS = (
					USE_FILE32API,
					CC_TARGET_OS_IPHONE,
					"COCOS2D_DEBUG=1",
					"CC_ENABLE_CHIPMUNK_INTEGRATION=1",
				);
				GCC_SYMBOLS_PRIVATE_EXTERN = NO;
				HEADER_SEARCH_PATHS = (
					"$(inherited)",
					"$(SRCROOT)/../cocos2d/cocos/platform/ios",
					"$(SRCROOT)/../cocos2d/cocos/platform/ios/Simulation",
				);
				INFOPLIST_FILE = ios/Info.plist;
				IPHONEOS_DEPLOYMENT_TARGET = 5.0;
				LIBRARY_SEARCH_PATHS = "";
				OTHER_LDFLAGS = (
					"$(_COCOS_LIB_IOS_BEGIN)",
					"$(_COCOS_LIB_IOS_END)",
				);
				SDKROOT = iphoneos;
				TARGETED_DEVICE_FAMILY = "1,2";
				USER_HEADER_SEARCH_PATHS = "$(_COCOS_HEADER_IOS_BEGIN) $(_COCOS_HEADER_IOS_END)";
				VALID_ARCHS = "arm64 armv7";
			};
			name = Debug;
		};
		1D6058950D05DD3E006BFB54 /* Release */ = {
			isa = XCBuildConfiguration;
			buildSettings = {
				ALWAYS_SEARCH_USER_PATHS = YES;
				CODE_SIGN_IDENTITY = "iPhone Developer";
				COMPRESS_PNG_FILES = NO;
				GCC_INLINES_ARE_PRIVATE_EXTERN = NO;
				GCC_PRECOMPILE_PREFIX_HEADER = YES;
				GCC_PREFIX_HEADER = ios/Prefix.pch;
				GCC_PREPROCESSOR_DEFINITIONS = (
					USE_FILE32API,
					CC_TARGET_OS_IPHONE,
					"CC_ENABLE_CHIPMUNK_INTEGRATION=1",
				);
				GCC_SYMBOLS_PRIVATE_EXTERN = NO;
				HEADER_SEARCH_PATHS = (
					"$(inherited)",
					"$(SRCROOT)/../cocos2d/cocos/platform/ios",
					"$(SRCROOT)/../cocos2d/cocos/platform/ios/Simulation",
				);
				INFOPLIST_FILE = ios/Info.plist;
				IPHONEOS_DEPLOYMENT_TARGET = 5.0;
				LIBRARY_SEARCH_PATHS = "";
				OTHER_LDFLAGS = (
					"$(_COCOS_LIB_IOS_BEGIN)",
					"$(_COCOS_LIB_IOS_END)",
				);
				SDKROOT = iphoneos;
				TARGETED_DEVICE_FAMILY = "1,2";
				USER_HEADER_SEARCH_PATHS = "$(_COCOS_HEADER_IOS_BEGIN) $(_COCOS_HEADER_IOS_END)";
				VALID_ARCHS = "arm64 armv7";
			};
			name = Release;
		};
		485E69041A91ECB5007B74AD /* Debug */ = {
			isa = XCBuildConfiguration;
			buildSettings = {
				ALWAYS_SEARCH_USER_PATHS = NO;
				CLANG_CXX_LANGUAGE_STANDARD = "gnu++0x";
				CLANG_ENABLE_MODULES = YES;
				CLANG_ENABLE_OBJC_ARC = YES;
				CLANG_WARN_BOOL_CONVERSION = YES;
				CLANG_WARN_CONSTANT_CONVERSION = YES;
				CLANG_WARN_DIRECT_OBJC_ISA_USAGE = YES_ERROR;
				CLANG_WARN_EMPTY_BODY = YES;
				CLANG_WARN_ENUM_CONVERSION = YES;
				CLANG_WARN_INT_CONVERSION = YES;
				CLANG_WARN_OBJC_ROOT_CLASS = YES_ERROR;
				CLANG_WARN_UNREACHABLE_CODE = YES;
				CLANG_WARN__DUPLICATE_METHOD_MATCH = YES;
				DEBUGGING_SYMBOLS = YES;
				ENABLE_STRICT_OBJC_MSGSEND = YES;
				GCC_C_LANGUAGE_STANDARD = gnu99;
				GCC_DYNAMIC_NO_PIC = NO;
				GCC_GENERATE_DEBUGGING_SYMBOLS = YES;
				GCC_OPTIMIZATION_LEVEL = 0;
				GCC_PREPROCESSOR_DEFINITIONS = (
					"DEBUG=1",
					"$(inherited)",
				);
				GCC_SYMBOLS_PRIVATE_EXTERN = NO;
				GCC_WARN_64_TO_32_BIT_CONVERSION = YES;
				GCC_WARN_ABOUT_RETURN_TYPE = YES_ERROR;
				GCC_WARN_UNDECLARED_SELECTOR = YES;
				GCC_WARN_UNINITIALIZED_AUTOS = YES_AGGRESSIVE;
				GCC_WARN_UNUSED_FUNCTION = YES;
				MACOSX_DEPLOYMENT_TARGET = 10.10;
				MTL_ENABLE_DEBUG_INFO = YES;
				OTHER_CFLAGS = "";
				OTHER_LDFLAGS = "";
				PRODUCT_NAME = "$(TARGET_NAME)";
			};
			name = Debug;
		};
		485E69051A91ECB5007B74AD /* Release */ = {
			isa = XCBuildConfiguration;
			buildSettings = {
				ALWAYS_SEARCH_USER_PATHS = NO;
				CLANG_CXX_LANGUAGE_STANDARD = "gnu++0x";
				CLANG_ENABLE_MODULES = YES;
				CLANG_ENABLE_OBJC_ARC = YES;
				CLANG_WARN_BOOL_CONVERSION = YES;
				CLANG_WARN_CONSTANT_CONVERSION = YES;
				CLANG_WARN_DIRECT_OBJC_ISA_USAGE = YES_ERROR;
				CLANG_WARN_EMPTY_BODY = YES;
				CLANG_WARN_ENUM_CONVERSION = YES;
				CLANG_WARN_INT_CONVERSION = YES;
				CLANG_WARN_OBJC_ROOT_CLASS = YES_ERROR;
				CLANG_WARN_UNREACHABLE_CODE = YES;
				CLANG_WARN__DUPLICATE_METHOD_MATCH = YES;
				COPY_PHASE_STRIP = YES;
				DEBUG_INFORMATION_FORMAT = "dwarf-with-dsym";
				ENABLE_NS_ASSERTIONS = NO;
				ENABLE_STRICT_OBJC_MSGSEND = YES;
				GCC_C_LANGUAGE_STANDARD = gnu99;
				GCC_WARN_64_TO_32_BIT_CONVERSION = YES;
				GCC_WARN_ABOUT_RETURN_TYPE = YES_ERROR;
				GCC_WARN_UNDECLARED_SELECTOR = YES;
				GCC_WARN_UNINITIALIZED_AUTOS = YES_AGGRESSIVE;
				GCC_WARN_UNUSED_FUNCTION = YES;
				MACOSX_DEPLOYMENT_TARGET = 10.10;
				MTL_ENABLE_DEBUG_INFO = NO;
				OTHER_CFLAGS = "";
				OTHER_LDFLAGS = "";
				PRODUCT_NAME = "$(TARGET_NAME)";
			};
			name = Release;
		};
		5087E76D17EB910900C73F5D /* Debug */ = {
			isa = XCBuildConfiguration;
			buildSettings = {
				ALWAYS_SEARCH_USER_PATHS = YES;
				CLANG_CXX_LANGUAGE_STANDARD = "c++0x";
				CLANG_CXX_LIBRARY = "libc++";
				COMBINE_HIDPI_IMAGES = YES;
				GCC_DYNAMIC_NO_PIC = NO;
				GCC_INLINES_ARE_PRIVATE_EXTERN = NO;
				GCC_PRECOMPILE_PREFIX_HEADER = YES;
				GCC_PREFIX_HEADER = mac/Prefix.pch;
				GCC_PREPROCESSOR_DEFINITIONS = (
					USE_FILE32API,
					CC_TARGET_OS_MAC,
					"COCOS2D_DEBUG=1",
					"CC_ENABLE_CHIPMUNK_INTEGRATION=1",
				);
				GCC_SYMBOLS_PRIVATE_EXTERN = NO;
				HEADER_SEARCH_PATHS = (
					"$(inherited)",
					"$(SRCROOT)/../cocos2d/cocos/platform/mac",
					"$(SRCROOT)/../cocos2d/external/glfw3/include/mac",
				);
				INFOPLIST_FILE = mac/Info.plist;
				LIBRARY_SEARCH_PATHS = "";
				OTHER_LDFLAGS = (
					"$(_COCOS_LIB_MAC_BEGIN)",
					"$(_COCOS_LIB_MAC_END)",
				);
				USER_HEADER_SEARCH_PATHS = "$(_COCOS_HEADER_MAC_BEGIN) $(_COCOS_HEADER_MAC_END)";
			};
			name = Debug;
		};
		5087E76E17EB910900C73F5D /* Release */ = {
			isa = XCBuildConfiguration;
			buildSettings = {
				ALWAYS_SEARCH_USER_PATHS = YES;
				CLANG_CXX_LANGUAGE_STANDARD = "c++0x";
				CLANG_CXX_LIBRARY = "libc++";
				COMBINE_HIDPI_IMAGES = YES;
				GCC_INLINES_ARE_PRIVATE_EXTERN = NO;
				GCC_PRECOMPILE_PREFIX_HEADER = YES;
				GCC_PREFIX_HEADER = mac/Prefix.pch;
				GCC_PREPROCESSOR_DEFINITIONS = (
					USE_FILE32API,
					CC_TARGET_OS_MAC,
					"CC_ENABLE_CHIPMUNK_INTEGRATION=1",
				);
				GCC_SYMBOLS_PRIVATE_EXTERN = NO;
				HEADER_SEARCH_PATHS = (
					"$(inherited)",
					"$(SRCROOT)/../cocos2d/cocos/platform/mac",
					"$(SRCROOT)/../cocos2d/external/glfw3/include/mac",
				);
				INFOPLIST_FILE = mac/Info.plist;
				LIBRARY_SEARCH_PATHS = "";
				OTHER_LDFLAGS = (
					"$(_COCOS_LIB_MAC_BEGIN)",
					"$(_COCOS_LIB_MAC_END)",
				);
				USER_HEADER_SEARCH_PATHS = "$(_COCOS_HEADER_MAC_BEGIN) $(_COCOS_HEADER_MAC_END)";
			};
			name = Release;
		};
		C01FCF4F08A954540054247B /* Debug */ = {
			isa = XCBuildConfiguration;
			buildSettings = {
				CLANG_CXX_LANGUAGE_STANDARD = "c++0x";
				CLANG_CXX_LIBRARY = "libc++";
				COPY_PHASE_STRIP = NO;
				GCC_OPTIMIZATION_LEVEL = 0;
				GCC_WARN_ABOUT_RETURN_TYPE = YES;
				GCC_WARN_UNUSED_VARIABLE = YES;
				HEADER_SEARCH_PATHS = (
					"$(SRCROOT)/../cocos2d",
					"$(SRCROOT)/../cocos2d/cocos",
					"$(SRCROOT)/../cocos2d/cocos/base",
					"$(SRCROOT)/../cocos2d/cocos/physics",
					"$(SRCROOT)/../cocos2d/cocos/math",
					"$(SRCROOT)/../cocos2d/cocos/2d",
					"$(SRCROOT)/../cocos2d/cocos/ui",
					"$(SRCROOT)/../cocos2d/cocos/network",
					"$(SRCROOT)/../cocos2d/cocos/audio/include",
					"$(SRCROOT)/../cocos2d/cocos/editor-support",
					"$(SRCROOT)/../cocos2d/extensions",
					"$(SRCROOT)/../cocos2d/external",
					"$(SRCROOT)/../cocos2d/external/chipmunk/include/chipmunk",
				);
				MACOSX_DEPLOYMENT_TARGET = 10.7;
				ONLY_ACTIVE_ARCH = YES;
				PRODUCT_NAME = "$(TARGET_NAME)";
				SDKROOT = macosx;
			};
			name = Debug;
		};
		C01FCF5008A954540054247B /* Release */ = {
			isa = XCBuildConfiguration;
			buildSettings = {
				CLANG_CXX_LANGUAGE_STANDARD = "c++0x";
				CLANG_CXX_LIBRARY = "libc++";
				GCC_WARN_ABOUT_RETURN_TYPE = YES;
				GCC_WARN_UNUSED_VARIABLE = YES;
				HEADER_SEARCH_PATHS = (
					"$(SRCROOT)/../cocos2d",
					"$(SRCROOT)/../cocos2d/cocos",
					"$(SRCROOT)/../cocos2d/cocos/base",
					"$(SRCROOT)/../cocos2d/cocos/physics",
					"$(SRCROOT)/../cocos2d/cocos/math",
					"$(SRCROOT)/../cocos2d/cocos/2d",
					"$(SRCROOT)/../cocos2d/cocos/ui",
					"$(SRCROOT)/../cocos2d/cocos/network",
					"$(SRCROOT)/../cocos2d/cocos/audio/include",
					"$(SRCROOT)/../cocos2d/cocos/editor-support",
					"$(SRCROOT)/../cocos2d/extensions",
					"$(SRCROOT)/../cocos2d/external",
					"$(SRCROOT)/../cocos2d/external/chipmunk/include/chipmunk",
				);
				MACOSX_DEPLOYMENT_TARGET = 10.7;
				OTHER_CFLAGS = "-DNS_BLOCK_ASSERTIONS=1";
				PRODUCT_NAME = "$(TARGET_NAME)";
				SDKROOT = macosx;
				VALIDATE_PRODUCT = YES;
			};
			name = Release;
		};
/* End XCBuildConfiguration section */

/* Begin XCConfigurationList section */
		1D6058960D05DD3E006BFB54 /* Build configuration list for PBXNativeTarget "ajras iOS" */ = {
			isa = XCConfigurationList;
			buildConfigurations = (
				1D6058940D05DD3E006BFB54 /* Debug */,
				1D6058950D05DD3E006BFB54 /* Release */,
			);
			defaultConfigurationIsVisible = 0;
			defaultConfigurationName = Debug;
		};
		485E69031A91ECB5007B74AD /* Build configuration list for PBXLegacyTarget "TexturePacker" */ = {
			isa = XCConfigurationList;
			buildConfigurations = (
				485E69041A91ECB5007B74AD /* Debug */,
				485E69051A91ECB5007B74AD /* Release */,
			);
			defaultConfigurationIsVisible = 0;
			defaultConfigurationName = Debug;
		};
		5087E76C17EB910900C73F5D /* Build configuration list for PBXNativeTarget "ajras Mac" */ = {
			isa = XCConfigurationList;
			buildConfigurations = (
				5087E76D17EB910900C73F5D /* Debug */,
				5087E76E17EB910900C73F5D /* Release */,
			);
			defaultConfigurationIsVisible = 0;
			defaultConfigurationName = Debug;
		};
		C01FCF4E08A954540054247B /* Build configuration list for PBXProject "ajras" */ = {
			isa = XCConfigurationList;
			buildConfigurations = (
				C01FCF4F08A954540054247B /* Debug */,
				C01FCF5008A954540054247B /* Release */,
			);
			defaultConfigurationIsVisible = 0;
			defaultConfigurationName = Debug;
		};
/* End XCConfigurationList section */
	};
	rootObject = 29B97313FDCFA39411CA2CEA /* Project object */;
}
